
Microsoft Visual Studio Solution File, Format Version 12.00
# Visual Studio 2012
Project("{8BC9CEB8-8B4A-11D0-8D11-00A0C91BC942}") = "HelloWorld", "HelloWorld\HelloWorld.vcxproj", "{ABD287C1-18CC-4752-BD3A-A423140E2683}"
EndProject
Project("{8BC9CEB8-8B4A-11D0-8D11-00A0C91BC942}") = "Float2Hex", "Float2Hex\Float2Hex.vcxproj", "{D3A3112B-9152-4230-B745-4FEEFC1868ED}"
EndProject
Project("{8BC9CEB8-8B4A-11D0-8D11-00A0C91BC942}") = "ReadFile", "ReadFile\ReadFile.vcxproj", "{64F8EDFB-C0FB-41B0-B839-5F278C7D2AE4}"
EndProject
Project("{8BC9CEB8-8B4A-11D0-8D11-00A0C91BC942}") = "ClientSocket", "ClientSocket\ClientSocket.vcxproj", "{A8EAE5AE-1EDA-46CC-9E87-A1984A7B3DBC}"
EndProject
Project("{8BC9CEB8-8B4A-11D0-8D11-00A0C91BC942}") = "FastProcessing", "FastProcessing\FastProcessing.vcxproj", "{850C09B3-6606-44FE-AA6C-B3186FE69EB6}"
EndProject
Project("{8BC9CEB8-8B4A-11D0-8D11-00A0C91BC942}") = "SetDIBitsToDevice", "SetDIBitsToDevice\SetDIBitsToDevice.vcxproj", "{25D46853-B6F2-4FB5-A28F-8E7D48244252}"
EndProject
Project("{8BC9CEB8-8B4A-11D0-8D11-00A0C91BC942}") = "GetDeviceCaps", "GetDeviceCaps\GetDeviceCaps.vcxproj", "{228DE685-2920-4ECE-81ED-87E5E10D57A8}"
EndProject
Project("{8BC9CEB8-8B4A-11D0-8D11-00A0C91BC942}") = "Decryption", "Decryption\Decryption.vcxproj", "{FD4229C7-9568-43CD-8E4F-E4FFCC01C3DC}"
EndProject
Project("{8BC9CEB8-8B4A-11D0-8D11-00A0C91BC942}") = "Minidump", "Minidump\Minidump.vcxproj", "{E785BAA4-0E62-4C97-B429-E7ECE3D9CBA4}"
EndProject
Project("{8BC9CEB8-8B4A-11D0-8D11-00A0C91BC942}") = "DDraw01", "DDraw01\DDraw01.vcxproj", "{AD3C5670-89ED-4703-A5AF-676FF734DF9E}"
EndProject
Project("{8BC9CEB8-8B4A-11D0-8D11-00A0C91BC942}") = "ddsamp", "ddsamp\ddsamp.vcxproj", "{C2998B7A-ECF1-4A4B-91A2-BA55F559D661}"
EndProject
Project("{8BC9CEB8-8B4A-11D0-8D11-00A0C91BC942}") = "ServerSocket", "ServerSocket\ServerSocket.vcxproj", "{6C4482A0-C5CE-43A3-A184-6B539D1C88DE}"
EndProject
Project("{8BC9CEB8-8B4A-11D0-8D11-00A0C91BC942}") = "MultiThread01", "MultiThread01\MultiThread01.vcxproj", "{AE387F1A-A5AA-4945-BB05-21469BC89789}"
EndProject
Project("{8BC9CEB8-8B4A-11D0-8D11-00A0C91BC942}") = "GridCtrlDemo", "GridCtrl\GridCtrlDemo.vcxproj", "{4CD8F998-5BE3-45A9-B396-E854F999CFF7}"
EndProject
Project("{8BC9CEB8-8B4A-11D0-8D11-00A0C91BC942}") = "Database", "Database\Database.vcxproj", "{D6CDD50A-3801-431F-988F-932B144D22DD}"
EndProject
Project("{8BC9CEB8-8B4A-11D0-8D11-00A0C91BC942}") = "Grid", "Grid\Grid.vcxproj", "{17D5572F-8057-47B2-B59B-00EC040B8C93}"
EndProject
Project("{8BC9CEB8-8B4A-11D0-8D11-00A0C91BC942}") = "MacroStringName", "MacroStringName\MacroStringName.vcxproj", "{F14A734F-316D-40D7-8889-83B316ECD8C5}"
EndProject
Project("{8BC9CEB8-8B4A-11D0-8D11-00A0C91BC942}") = "HexTools", "HexTools_Project\HexTools.vcxproj", "{5C1C6F22-7F38-438E-8D0D-A83CA0FD4746}"
EndProject
Project("{8BC9CEB8-8B4A-11D0-8D11-00A0C91BC942}") = "pugixml", "pugixml\pugixml.vcxproj", "{DBB843AF-BB5B-4881-A2F2-D5E5989222C7}"
EndProject
Project("{8BC9CEB8-8B4A-11D0-8D11-00A0C91BC942}") = "TemplateTest01", "TemplateTest01\TemplateTest01.vcxproj", "{BA56AFD8-EAA6-49CF-8A90-D78727556841}"
EndProject
Global
	GlobalSection(SolutionConfigurationPlatforms) = preSolution
		Debug Unicode|Win32 = Debug Unicode|Win32
		Debug|Win32 = Debug|Win32
		Release Unicode|Win32 = Release Unicode|Win32
		Release|Win32 = Release|Win32
		ReleaseStatic|Win32 = ReleaseStatic|Win32
		Template|Win32 = Template|Win32
		Unicode_Debug|Win32 = Unicode_Debug|Win32
		Unicode_Release|Win32 = Unicode_Release|Win32
	EndGlobalSection
	GlobalSection(ProjectConfigurationPlatforms) = postSolution
		{ABD287C1-18CC-4752-BD3A-A423140E2683}.Debug Unicode|Win32.ActiveCfg = Debug|Win32
		{ABD287C1-18CC-4752-BD3A-A423140E2683}.Debug Unicode|Win32.Build.0 = Debug|Win32
		{ABD287C1-18CC-4752-BD3A-A423140E2683}.Debug|Win32.ActiveCfg = Debug|Win32
		{ABD287C1-18CC-4752-BD3A-A423140E2683}.Debug|Win32.Build.0 = Debug|Win32
		{ABD287C1-18CC-4752-BD3A-A423140E2683}.Release Unicode|Win32.ActiveCfg = Release|Win32
		{ABD287C1-18CC-4752-BD3A-A423140E2683}.Release Unicode|Win32.Build.0 = Release|Win32
		{ABD287C1-18CC-4752-BD3A-A423140E2683}.Release|Win32.ActiveCfg = Release|Win32
		{ABD287C1-18CC-4752-BD3A-A423140E2683}.Release|Win32.Build.0 = Release|Win32
		{ABD287C1-18CC-4752-BD3A-A423140E2683}.ReleaseStatic|Win32.ActiveCfg = Release|Win32
		{ABD287C1-18CC-4752-BD3A-A423140E2683}.ReleaseStatic|Win32.Build.0 = Release|Win32
		{ABD287C1-18CC-4752-BD3A-A423140E2683}.Template|Win32.ActiveCfg = Release|Win32
		{ABD287C1-18CC-4752-BD3A-A423140E2683}.Template|Win32.Build.0 = Release|Win32
		{ABD287C1-18CC-4752-BD3A-A423140E2683}.Unicode_Debug|Win32.ActiveCfg = Debug|Win32
		{ABD287C1-18CC-4752-BD3A-A423140E2683}.Unicode_Debug|Win32.Build.0 = Debug|Win32
		{ABD287C1-18CC-4752-BD3A-A423140E2683}.Unicode_Release|Win32.ActiveCfg = Release|Win32
		{ABD287C1-18CC-4752-BD3A-A423140E2683}.Unicode_Release|Win32.Build.0 = Release|Win32
		{D3A3112B-9152-4230-B745-4FEEFC1868ED}.Debug Unicode|Win32.ActiveCfg = Debug|Win32
		{D3A3112B-9152-4230-B745-4FEEFC1868ED}.Debug Unicode|Win32.Build.0 = Debug|Win32
		{D3A3112B-9152-4230-B745-4FEEFC1868ED}.Debug|Win32.ActiveCfg = Debug|Win32
		{D3A3112B-9152-4230-B745-4FEEFC1868ED}.Debug|Win32.Build.0 = Debug|Win32
		{D3A3112B-9152-4230-B745-4FEEFC1868ED}.Release Unicode|Win32.ActiveCfg = Release|Win32
		{D3A3112B-9152-4230-B745-4FEEFC1868ED}.Release Unicode|Win32.Build.0 = Release|Win32
		{D3A3112B-9152-4230-B745-4FEEFC1868ED}.Release|Win32.ActiveCfg = Release|Win32
		{D3A3112B-9152-4230-B745-4FEEFC1868ED}.Release|Win32.Build.0 = Release|Win32
		{D3A3112B-9152-4230-B745-4FEEFC1868ED}.ReleaseStatic|Win32.ActiveCfg = Release|Win32
		{D3A3112B-9152-4230-B745-4FEEFC1868ED}.ReleaseStatic|Win32.Build.0 = Release|Win32
		{D3A3112B-9152-4230-B745-4FEEFC1868ED}.Template|Win32.ActiveCfg = Release|Win32
		{D3A3112B-9152-4230-B745-4FEEFC1868ED}.Template|Win32.Build.0 = Release|Win32
		{D3A3112B-9152-4230-B745-4FEEFC1868ED}.Unicode_Debug|Win32.ActiveCfg = Debug|Win32
		{D3A3112B-9152-4230-B745-4FEEFC1868ED}.Unicode_Debug|Win32.Build.0 = Debug|Win32
		{D3A3112B-9152-4230-B745-4FEEFC1868ED}.Unicode_Release|Win32.ActiveCfg = Release|Win32
		{D3A3112B-9152-4230-B745-4FEEFC1868ED}.Unicode_Release|Win32.Build.0 = Release|Win32
		{64F8EDFB-C0FB-41B0-B839-5F278C7D2AE4}.Debug Unicode|Win32.ActiveCfg = Debug|Win32
		{64F8EDFB-C0FB-41B0-B839-5F278C7D2AE4}.Debug Unicode|Win32.Build.0 = Debug|Win32
		{64F8EDFB-C0FB-41B0-B839-5F278C7D2AE4}.Debug|Win32.ActiveCfg = Debug|Win32
		{64F8EDFB-C0FB-41B0-B839-5F278C7D2AE4}.Debug|Win32.Build.0 = Debug|Win32
		{64F8EDFB-C0FB-41B0-B839-5F278C7D2AE4}.Release Unicode|Win32.ActiveCfg = Release|Win32
		{64F8EDFB-C0FB-41B0-B839-5F278C7D2AE4}.Release Unicode|Win32.Build.0 = Release|Win32
		{64F8EDFB-C0FB-41B0-B839-5F278C7D2AE4}.Release|Win32.ActiveCfg = Release|Win32
		{64F8EDFB-C0FB-41B0-B839-5F278C7D2AE4}.Release|Win32.Build.0 = Release|Win32
		{64F8EDFB-C0FB-41B0-B839-5F278C7D2AE4}.ReleaseStatic|Win32.ActiveCfg = Release|Win32
		{64F8EDFB-C0FB-41B0-B839-5F278C7D2AE4}.ReleaseStatic|Win32.Build.0 = Release|Win32
		{64F8EDFB-C0FB-41B0-B839-5F278C7D2AE4}.Template|Win32.ActiveCfg = Release|Win32
		{64F8EDFB-C0FB-41B0-B839-5F278C7D2AE4}.Template|Win32.Build.0 = Release|Win32
		{64F8EDFB-C0FB-41B0-B839-5F278C7D2AE4}.Unicode_Debug|Win32.ActiveCfg = Debug|Win32
		{64F8EDFB-C0FB-41B0-B839-5F278C7D2AE4}.Unicode_Debug|Win32.Build.0 = Debug|Win32
		{64F8EDFB-C0FB-41B0-B839-5F278C7D2AE4}.Unicode_Release|Win32.ActiveCfg = Release|Win32
		{64F8EDFB-C0FB-41B0-B839-5F278C7D2AE4}.Unicode_Release|Win32.Build.0 = Release|Win32
		{A8EAE5AE-1EDA-46CC-9E87-A1984A7B3DBC}.Debug Unicode|Win32.ActiveCfg = Debug|Win32
		{A8EAE5AE-1EDA-46CC-9E87-A1984A7B3DBC}.Debug Unicode|Win32.Build.0 = Debug|Win32
		{A8EAE5AE-1EDA-46CC-9E87-A1984A7B3DBC}.Debug|Win32.ActiveCfg = Debug|Win32
		{A8EAE5AE-1EDA-46CC-9E87-A1984A7B3DBC}.Debug|Win32.Build.0 = Debug|Win32
		{A8EAE5AE-1EDA-46CC-9E87-A1984A7B3DBC}.Release Unicode|Win32.ActiveCfg = Release|Win32
		{A8EAE5AE-1EDA-46CC-9E87-A1984A7B3DBC}.Release Unicode|Win32.Build.0 = Release|Win32
		{A8EAE5AE-1EDA-46CC-9E87-A1984A7B3DBC}.Release|Win32.ActiveCfg = Release|Win32
		{A8EAE5AE-1EDA-46CC-9E87-A1984A7B3DBC}.Release|Win32.Build.0 = Release|Win32
		{A8EAE5AE-1EDA-46CC-9E87-A1984A7B3DBC}.ReleaseStatic|Win32.ActiveCfg = Release|Win32
		{A8EAE5AE-1EDA-46CC-9E87-A1984A7B3DBC}.ReleaseStatic|Win32.Build.0 = Release|Win32
		{A8EAE5AE-1EDA-46CC-9E87-A1984A7B3DBC}.Template|Win32.ActiveCfg = Release|Win32
		{A8EAE5AE-1EDA-46CC-9E87-A1984A7B3DBC}.Template|Win32.Build.0 = Release|Win32
		{A8EAE5AE-1EDA-46CC-9E87-A1984A7B3DBC}.Unicode_Debug|Win32.ActiveCfg = Debug|Win32
		{A8EAE5AE-1EDA-46CC-9E87-A1984A7B3DBC}.Unicode_Debug|Win32.Build.0 = Debug|Win32
		{A8EAE5AE-1EDA-46CC-9E87-A1984A7B3DBC}.Unicode_Release|Win32.ActiveCfg = Release|Win32
		{A8EAE5AE-1EDA-46CC-9E87-A1984A7B3DBC}.Unicode_Release|Win32.Build.0 = Release|Win32
		{850C09B3-6606-44FE-AA6C-B3186FE69EB6}.Debug Unicode|Win32.ActiveCfg = Debug|Win32
		{850C09B3-6606-44FE-AA6C-B3186FE69EB6}.Debug Unicode|Win32.Build.0 = Debug|Win32
		{850C09B3-6606-44FE-AA6C-B3186FE69EB6}.Debug|Win32.ActiveCfg = Debug|Win32
		{850C09B3-6606-44FE-AA6C-B3186FE69EB6}.Debug|Win32.Build.0 = Debug|Win32
		{850C09B3-6606-44FE-AA6C-B3186FE69EB6}.Release Unicode|Win32.ActiveCfg = Release|Win32
		{850C09B3-6606-44FE-AA6C-B3186FE69EB6}.Release Unicode|Win32.Build.0 = Release|Win32
		{850C09B3-6606-44FE-AA6C-B3186FE69EB6}.Release|Win32.ActiveCfg = Release|Win32
		{850C09B3-6606-44FE-AA6C-B3186FE69EB6}.Release|Win32.Build.0 = Release|Win32
		{850C09B3-6606-44FE-AA6C-B3186FE69EB6}.ReleaseStatic|Win32.ActiveCfg = Release|Win32
		{850C09B3-6606-44FE-AA6C-B3186FE69EB6}.ReleaseStatic|Win32.Build.0 = Release|Win32
		{850C09B3-6606-44FE-AA6C-B3186FE69EB6}.Template|Win32.ActiveCfg = Release|Win32
		{850C09B3-6606-44FE-AA6C-B3186FE69EB6}.Template|Win32.Build.0 = Release|Win32
		{850C09B3-6606-44FE-AA6C-B3186FE69EB6}.Unicode_Debug|Win32.ActiveCfg = Debug|Win32
		{850C09B3-6606-44FE-AA6C-B3186FE69EB6}.Unicode_Debug|Win32.Build.0 = Debug|Win32
		{850C09B3-6606-44FE-AA6C-B3186FE69EB6}.Unicode_Release|Win32.ActiveCfg = Release|Win32
		{850C09B3-6606-44FE-AA6C-B3186FE69EB6}.Unicode_Release|Win32.Build.0 = Release|Win32
		{25D46853-B6F2-4FB5-A28F-8E7D48244252}.Debug Unicode|Win32.ActiveCfg = Debug|Win32
		{25D46853-B6F2-4FB5-A28F-8E7D48244252}.Debug Unicode|Win32.Build.0 = Debug|Win32
		{25D46853-B6F2-4FB5-A28F-8E7D48244252}.Debug|Win32.ActiveCfg = Debug|Win32
		{25D46853-B6F2-4FB5-A28F-8E7D48244252}.Debug|Win32.Build.0 = Debug|Win32
		{25D46853-B6F2-4FB5-A28F-8E7D48244252}.Release Unicode|Win32.ActiveCfg = Release|Win32
		{25D46853-B6F2-4FB5-A28F-8E7D48244252}.Release Unicode|Win32.Build.0 = Release|Win32
		{25D46853-B6F2-4FB5-A28F-8E7D48244252}.Release|Win32.ActiveCfg = Release|Win32
		{25D46853-B6F2-4FB5-A28F-8E7D48244252}.Release|Win32.Build.0 = Release|Win32
		{25D46853-B6F2-4FB5-A28F-8E7D48244252}.ReleaseStatic|Win32.ActiveCfg = Release|Win32
		{25D46853-B6F2-4FB5-A28F-8E7D48244252}.ReleaseStatic|Win32.Build.0 = Release|Win32
		{25D46853-B6F2-4FB5-A28F-8E7D48244252}.Template|Win32.ActiveCfg = Release|Win32
		{25D46853-B6F2-4FB5-A28F-8E7D48244252}.Template|Win32.Build.0 = Release|Win32
		{25D46853-B6F2-4FB5-A28F-8E7D48244252}.Unicode_Debug|Win32.ActiveCfg = Debug|Win32
		{25D46853-B6F2-4FB5-A28F-8E7D48244252}.Unicode_Debug|Win32.Build.0 = Debug|Win32
		{25D46853-B6F2-4FB5-A28F-8E7D48244252}.Unicode_Release|Win32.ActiveCfg = Release|Win32
		{25D46853-B6F2-4FB5-A28F-8E7D48244252}.Unicode_Release|Win32.Build.0 = Release|Win32
		{228DE685-2920-4ECE-81ED-87E5E10D57A8}.Debug Unicode|Win32.ActiveCfg = Debug|Win32
		{228DE685-2920-4ECE-81ED-87E5E10D57A8}.Debug Unicode|Win32.Build.0 = Debug|Win32
		{228DE685-2920-4ECE-81ED-87E5E10D57A8}.Debug|Win32.ActiveCfg = Debug|Win32
		{228DE685-2920-4ECE-81ED-87E5E10D57A8}.Debug|Win32.Build.0 = Debug|Win32
		{228DE685-2920-4ECE-81ED-87E5E10D57A8}.Release Unicode|Win32.ActiveCfg = Release|Win32
		{228DE685-2920-4ECE-81ED-87E5E10D57A8}.Release Unicode|Win32.Build.0 = Release|Win32
		{228DE685-2920-4ECE-81ED-87E5E10D57A8}.Release|Win32.ActiveCfg = Release|Win32
		{228DE685-2920-4ECE-81ED-87E5E10D57A8}.Release|Win32.Build.0 = Release|Win32
		{228DE685-2920-4ECE-81ED-87E5E10D57A8}.ReleaseStatic|Win32.ActiveCfg = Release|Win32
		{228DE685-2920-4ECE-81ED-87E5E10D57A8}.ReleaseStatic|Win32.Build.0 = Release|Win32
		{228DE685-2920-4ECE-81ED-87E5E10D57A8}.Template|Win32.ActiveCfg = Release|Win32
		{228DE685-2920-4ECE-81ED-87E5E10D57A8}.Template|Win32.Build.0 = Release|Win32
		{228DE685-2920-4ECE-81ED-87E5E10D57A8}.Unicode_Debug|Win32.ActiveCfg = Debug|Win32
		{228DE685-2920-4ECE-81ED-87E5E10D57A8}.Unicode_Debug|Win32.Build.0 = Debug|Win32
		{228DE685-2920-4ECE-81ED-87E5E10D57A8}.Unicode_Release|Win32.ActiveCfg = Release|Win32
		{228DE685-2920-4ECE-81ED-87E5E10D57A8}.Unicode_Release|Win32.Build.0 = Release|Win32
		{FD4229C7-9568-43CD-8E4F-E4FFCC01C3DC}.Debug Unicode|Win32.ActiveCfg = Debug|Win32
		{FD4229C7-9568-43CD-8E4F-E4FFCC01C3DC}.Debug Unicode|Win32.Build.0 = Debug|Win32
		{FD4229C7-9568-43CD-8E4F-E4FFCC01C3DC}.Debug|Win32.ActiveCfg = Debug|Win32
		{FD4229C7-9568-43CD-8E4F-E4FFCC01C3DC}.Debug|Win32.Build.0 = Debug|Win32
		{FD4229C7-9568-43CD-8E4F-E4FFCC01C3DC}.Release Unicode|Win32.ActiveCfg = Release|Win32
		{FD4229C7-9568-43CD-8E4F-E4FFCC01C3DC}.Release Unicode|Win32.Build.0 = Release|Win32
		{FD4229C7-9568-43CD-8E4F-E4FFCC01C3DC}.Release|Win32.ActiveCfg = Release|Win32
		{FD4229C7-9568-43CD-8E4F-E4FFCC01C3DC}.Release|Win32.Build.0 = Release|Win32
		{FD4229C7-9568-43CD-8E4F-E4FFCC01C3DC}.ReleaseStatic|Win32.ActiveCfg = Release|Win32
		{FD4229C7-9568-43CD-8E4F-E4FFCC01C3DC}.ReleaseStatic|Win32.Build.0 = Release|Win32
		{FD4229C7-9568-43CD-8E4F-E4FFCC01C3DC}.Template|Win32.ActiveCfg = Release|Win32
		{FD4229C7-9568-43CD-8E4F-E4FFCC01C3DC}.Template|Win32.Build.0 = Release|Win32
		{FD4229C7-9568-43CD-8E4F-E4FFCC01C3DC}.Unicode_Debug|Win32.ActiveCfg = Debug|Win32
		{FD4229C7-9568-43CD-8E4F-E4FFCC01C3DC}.Unicode_Debug|Win32.Build.0 = Debug|Win32
		{FD4229C7-9568-43CD-8E4F-E4FFCC01C3DC}.Unicode_Release|Win32.ActiveCfg = Release|Win32
		{FD4229C7-9568-43CD-8E4F-E4FFCC01C3DC}.Unicode_Release|Win32.Build.0 = Release|Win32
		{E785BAA4-0E62-4C97-B429-E7ECE3D9CBA4}.Debug Unicode|Win32.ActiveCfg = Debug|Win32
		{E785BAA4-0E62-4C97-B429-E7ECE3D9CBA4}.Debug Unicode|Win32.Build.0 = Debug|Win32
		{E785BAA4-0E62-4C97-B429-E7ECE3D9CBA4}.Debug|Win32.ActiveCfg = Debug|Win32
		{E785BAA4-0E62-4C97-B429-E7ECE3D9CBA4}.Debug|Win32.Build.0 = Debug|Win32
		{E785BAA4-0E62-4C97-B429-E7ECE3D9CBA4}.Release Unicode|Win32.ActiveCfg = Release|Win32
		{E785BAA4-0E62-4C97-B429-E7ECE3D9CBA4}.Release Unicode|Win32.Build.0 = Release|Win32
		{E785BAA4-0E62-4C97-B429-E7ECE3D9CBA4}.Release|Win32.ActiveCfg = Release|Win32
		{E785BAA4-0E62-4C97-B429-E7ECE3D9CBA4}.Release|Win32.Build.0 = Release|Win32
		{E785BAA4-0E62-4C97-B429-E7ECE3D9CBA4}.ReleaseStatic|Win32.ActiveCfg = Release|Win32
		{E785BAA4-0E62-4C97-B429-E7ECE3D9CBA4}.ReleaseStatic|Win32.Build.0 = Release|Win32
		{E785BAA4-0E62-4C97-B429-E7ECE3D9CBA4}.Template|Win32.ActiveCfg = Release|Win32
		{E785BAA4-0E62-4C97-B429-E7ECE3D9CBA4}.Template|Win32.Build.0 = Release|Win32
		{E785BAA4-0E62-4C97-B429-E7ECE3D9CBA4}.Unicode_Debug|Win32.ActiveCfg = Debug|Win32
		{E785BAA4-0E62-4C97-B429-E7ECE3D9CBA4}.Unicode_Debug|Win32.Build.0 = Debug|Win32
		{E785BAA4-0E62-4C97-B429-E7ECE3D9CBA4}.Unicode_Release|Win32.ActiveCfg = Release|Win32
		{E785BAA4-0E62-4C97-B429-E7ECE3D9CBA4}.Unicode_Release|Win32.Build.0 = Release|Win32
		{AD3C5670-89ED-4703-A5AF-676FF734DF9E}.Debug Unicode|Win32.ActiveCfg = Debug|Win32
		{AD3C5670-89ED-4703-A5AF-676FF734DF9E}.Debug Unicode|Win32.Build.0 = Debug|Win32
		{AD3C5670-89ED-4703-A5AF-676FF734DF9E}.Debug|Win32.ActiveCfg = Debug|Win32
		{AD3C5670-89ED-4703-A5AF-676FF734DF9E}.Debug|Win32.Build.0 = Debug|Win32
		{AD3C5670-89ED-4703-A5AF-676FF734DF9E}.Release Unicode|Win32.ActiveCfg = Release|Win32
		{AD3C5670-89ED-4703-A5AF-676FF734DF9E}.Release Unicode|Win32.Build.0 = Release|Win32
		{AD3C5670-89ED-4703-A5AF-676FF734DF9E}.Release|Win32.ActiveCfg = Release|Win32
		{AD3C5670-89ED-4703-A5AF-676FF734DF9E}.Release|Win32.Build.0 = Release|Win32
		{AD3C5670-89ED-4703-A5AF-676FF734DF9E}.ReleaseStatic|Win32.ActiveCfg = Release|Win32
		{AD3C5670-89ED-4703-A5AF-676FF734DF9E}.ReleaseStatic|Win32.Build.0 = Release|Win32
		{AD3C5670-89ED-4703-A5AF-676FF734DF9E}.Template|Win32.ActiveCfg = Release|Win32
		{AD3C5670-89ED-4703-A5AF-676FF734DF9E}.Template|Win32.Build.0 = Release|Win32
		{AD3C5670-89ED-4703-A5AF-676FF734DF9E}.Unicode_Debug|Win32.ActiveCfg = Debug|Win32
		{AD3C5670-89ED-4703-A5AF-676FF734DF9E}.Unicode_Debug|Win32.Build.0 = Debug|Win32
		{AD3C5670-89ED-4703-A5AF-676FF734DF9E}.Unicode_Release|Win32.ActiveCfg = Release|Win32
		{AD3C5670-89ED-4703-A5AF-676FF734DF9E}.Unicode_Release|Win32.Build.0 = Release|Win32
		{C2998B7A-ECF1-4A4B-91A2-BA55F559D661}.Debug Unicode|Win32.ActiveCfg = Debug|Win32
		{C2998B7A-ECF1-4A4B-91A2-BA55F559D661}.Debug Unicode|Win32.Build.0 = Debug|Win32
		{C2998B7A-ECF1-4A4B-91A2-BA55F559D661}.Debug|Win32.ActiveCfg = Debug|Win32
		{C2998B7A-ECF1-4A4B-91A2-BA55F559D661}.Debug|Win32.Build.0 = Debug|Win32
		{C2998B7A-ECF1-4A4B-91A2-BA55F559D661}.Release Unicode|Win32.ActiveCfg = Release|Win32
		{C2998B7A-ECF1-4A4B-91A2-BA55F559D661}.Release Unicode|Win32.Build.0 = Release|Win32
		{C2998B7A-ECF1-4A4B-91A2-BA55F559D661}.Release|Win32.ActiveCfg = Release|Win32
		{C2998B7A-ECF1-4A4B-91A2-BA55F559D661}.Release|Win32.Build.0 = Release|Win32
		{C2998B7A-ECF1-4A4B-91A2-BA55F559D661}.ReleaseStatic|Win32.ActiveCfg = Release|Win32
		{C2998B7A-ECF1-4A4B-91A2-BA55F559D661}.ReleaseStatic|Win32.Build.0 = Release|Win32
		{C2998B7A-ECF1-4A4B-91A2-BA55F559D661}.Template|Win32.ActiveCfg = Release|Win32
		{C2998B7A-ECF1-4A4B-91A2-BA55F559D661}.Template|Win32.Build.0 = Release|Win32
		{C2998B7A-ECF1-4A4B-91A2-BA55F559D661}.Unicode_Debug|Win32.ActiveCfg = Debug|Win32
		{C2998B7A-ECF1-4A4B-91A2-BA55F559D661}.Unicode_Debug|Win32.Build.0 = Debug|Win32
		{C2998B7A-ECF1-4A4B-91A2-BA55F559D661}.Unicode_Release|Win32.ActiveCfg = Release|Win32
		{C2998B7A-ECF1-4A4B-91A2-BA55F559D661}.Unicode_Release|Win32.Build.0 = Release|Win32
		{6C4482A0-C5CE-43A3-A184-6B539D1C88DE}.Debug Unicode|Win32.ActiveCfg = Debug|Win32
		{6C4482A0-C5CE-43A3-A184-6B539D1C88DE}.Debug Unicode|Win32.Build.0 = Debug|Win32
		{6C4482A0-C5CE-43A3-A184-6B539D1C88DE}.Debug|Win32.ActiveCfg = Debug|Win32
		{6C4482A0-C5CE-43A3-A184-6B539D1C88DE}.Debug|Win32.Build.0 = Debug|Win32
		{6C4482A0-C5CE-43A3-A184-6B539D1C88DE}.Release Unicode|Win32.ActiveCfg = Release|Win32
		{6C4482A0-C5CE-43A3-A184-6B539D1C88DE}.Release Unicode|Win32.Build.0 = Release|Win32
		{6C4482A0-C5CE-43A3-A184-6B539D1C88DE}.Release|Win32.ActiveCfg = Release|Win32
		{6C4482A0-C5CE-43A3-A184-6B539D1C88DE}.Release|Win32.Build.0 = Release|Win32
		{6C4482A0-C5CE-43A3-A184-6B539D1C88DE}.ReleaseStatic|Win32.ActiveCfg = Release|Win32
		{6C4482A0-C5CE-43A3-A184-6B539D1C88DE}.ReleaseStatic|Win32.Build.0 = Release|Win32
		{6C4482A0-C5CE-43A3-A184-6B539D1C88DE}.Template|Win32.ActiveCfg = Release|Win32
		{6C4482A0-C5CE-43A3-A184-6B539D1C88DE}.Template|Win32.Build.0 = Release|Win32
		{6C4482A0-C5CE-43A3-A184-6B539D1C88DE}.Unicode_Debug|Win32.ActiveCfg = Debug|Win32
		{6C4482A0-C5CE-43A3-A184-6B539D1C88DE}.Unicode_Debug|Win32.Build.0 = Debug|Win32
		{6C4482A0-C5CE-43A3-A184-6B539D1C88DE}.Unicode_Release|Win32.ActiveCfg = Release|Win32
		{6C4482A0-C5CE-43A3-A184-6B539D1C88DE}.Unicode_Release|Win32.Build.0 = Release|Win32
		{AE387F1A-A5AA-4945-BB05-21469BC89789}.Debug Unicode|Win32.ActiveCfg = Debug|Win32
		{AE387F1A-A5AA-4945-BB05-21469BC89789}.Debug Unicode|Win32.Build.0 = Debug|Win32
		{AE387F1A-A5AA-4945-BB05-21469BC89789}.Debug|Win32.ActiveCfg = Debug|Win32
		{AE387F1A-A5AA-4945-BB05-21469BC89789}.Debug|Win32.Build.0 = Debug|Win32
		{AE387F1A-A5AA-4945-BB05-21469BC89789}.Release Unicode|Win32.ActiveCfg = Release|Win32
		{AE387F1A-A5AA-4945-BB05-21469BC89789}.Release Unicode|Win32.Build.0 = Release|Win32
		{AE387F1A-A5AA-4945-BB05-21469BC89789}.Release|Win32.ActiveCfg = Release|Win32
		{AE387F1A-A5AA-4945-BB05-21469BC89789}.Release|Win32.Build.0 = Release|Win32
		{AE387F1A-A5AA-4945-BB05-21469BC89789}.ReleaseStatic|Win32.ActiveCfg = Release|Win32
		{AE387F1A-A5AA-4945-BB05-21469BC89789}.ReleaseStatic|Win32.Build.0 = Release|Win32
		{AE387F1A-A5AA-4945-BB05-21469BC89789}.Template|Win32.ActiveCfg = Release|Win32
		{AE387F1A-A5AA-4945-BB05-21469BC89789}.Template|Win32.Build.0 = Release|Win32
		{AE387F1A-A5AA-4945-BB05-21469BC89789}.Unicode_Debug|Win32.ActiveCfg = Debug|Win32
		{AE387F1A-A5AA-4945-BB05-21469BC89789}.Unicode_Debug|Win32.Build.0 = Debug|Win32
		{AE387F1A-A5AA-4945-BB05-21469BC89789}.Unicode_Release|Win32.ActiveCfg = Release|Win32
		{AE387F1A-A5AA-4945-BB05-21469BC89789}.Unicode_Release|Win32.Build.0 = Release|Win32
		{4CD8F998-5BE3-45A9-B396-E854F999CFF7}.Debug Unicode|Win32.ActiveCfg = Debug Unicode|Win32
		{4CD8F998-5BE3-45A9-B396-E854F999CFF7}.Debug Unicode|Win32.Build.0 = Debug Unicode|Win32
		{4CD8F998-5BE3-45A9-B396-E854F999CFF7}.Debug|Win32.ActiveCfg = Debug|Win32
		{4CD8F998-5BE3-45A9-B396-E854F999CFF7}.Debug|Win32.Build.0 = Debug|Win32
		{4CD8F998-5BE3-45A9-B396-E854F999CFF7}.Release Unicode|Win32.ActiveCfg = Release Unicode|Win32
		{4CD8F998-5BE3-45A9-B396-E854F999CFF7}.Release Unicode|Win32.Build.0 = Release Unicode|Win32
		{4CD8F998-5BE3-45A9-B396-E854F999CFF7}.Release|Win32.ActiveCfg = Release|Win32
		{4CD8F998-5BE3-45A9-B396-E854F999CFF7}.Release|Win32.Build.0 = Release|Win32
		{4CD8F998-5BE3-45A9-B396-E854F999CFF7}.ReleaseStatic|Win32.ActiveCfg = ReleaseStatic|Win32
		{4CD8F998-5BE3-45A9-B396-E854F999CFF7}.ReleaseStatic|Win32.Build.0 = ReleaseStatic|Win32
		{4CD8F998-5BE3-45A9-B396-E854F999CFF7}.Template|Win32.ActiveCfg = Release Unicode|Win32
		{4CD8F998-5BE3-45A9-B396-E854F999CFF7}.Template|Win32.Build.0 = Release Unicode|Win32
		{4CD8F998-5BE3-45A9-B396-E854F999CFF7}.Unicode_Debug|Win32.ActiveCfg = Debug|Win32
		{4CD8F998-5BE3-45A9-B396-E854F999CFF7}.Unicode_Debug|Win32.Build.0 = Debug|Win32
		{4CD8F998-5BE3-45A9-B396-E854F999CFF7}.Unicode_Release|Win32.ActiveCfg = Release|Win32
		{4CD8F998-5BE3-45A9-B396-E854F999CFF7}.Unicode_Release|Win32.Build.0 = Release|Win32
		{D6CDD50A-3801-431F-988F-932B144D22DD}.Debug Unicode|Win32.ActiveCfg = Debug|Win32
		{D6CDD50A-3801-431F-988F-932B144D22DD}.Debug Unicode|Win32.Build.0 = Debug|Win32
		{D6CDD50A-3801-431F-988F-932B144D22DD}.Debug|Win32.ActiveCfg = Debug|Win32
		{D6CDD50A-3801-431F-988F-932B144D22DD}.Debug|Win32.Build.0 = Debug|Win32
		{D6CDD50A-3801-431F-988F-932B144D22DD}.Release Unicode|Win32.ActiveCfg = Release|Win32
		{D6CDD50A-3801-431F-988F-932B144D22DD}.Release Unicode|Win32.Build.0 = Release|Win32
		{D6CDD50A-3801-431F-988F-932B144D22DD}.Release|Win32.ActiveCfg = Release|Win32
		{D6CDD50A-3801-431F-988F-932B144D22DD}.Release|Win32.Build.0 = Release|Win32
		{D6CDD50A-3801-431F-988F-932B144D22DD}.ReleaseStatic|Win32.ActiveCfg = Release|Win32
		{D6CDD50A-3801-431F-988F-932B144D22DD}.ReleaseStatic|Win32.Build.0 = Release|Win32
		{D6CDD50A-3801-431F-988F-932B144D22DD}.Template|Win32.ActiveCfg = Release|Win32
		{D6CDD50A-3801-431F-988F-932B144D22DD}.Template|Win32.Build.0 = Release|Win32
		{D6CDD50A-3801-431F-988F-932B144D22DD}.Unicode_Debug|Win32.ActiveCfg = Debug|Win32
		{D6CDD50A-3801-431F-988F-932B144D22DD}.Unicode_Debug|Win32.Build.0 = Debug|Win32
		{D6CDD50A-3801-431F-988F-932B144D22DD}.Unicode_Release|Win32.ActiveCfg = Release|Win32
		{D6CDD50A-3801-431F-988F-932B144D22DD}.Unicode_Release|Win32.Build.0 = Release|Win32
		{17D5572F-8057-47B2-B59B-00EC040B8C93}.Debug Unicode|Win32.ActiveCfg = Debug|Win32
		{17D5572F-8057-47B2-B59B-00EC040B8C93}.Debug Unicode|Win32.Build.0 = Debug|Win32
		{17D5572F-8057-47B2-B59B-00EC040B8C93}.Debug|Win32.ActiveCfg = Debug|Win32
		{17D5572F-8057-47B2-B59B-00EC040B8C93}.Debug|Win32.Build.0 = Debug|Win32
		{17D5572F-8057-47B2-B59B-00EC040B8C93}.Release Unicode|Win32.ActiveCfg = Release|Win32
		{17D5572F-8057-47B2-B59B-00EC040B8C93}.Release Unicode|Win32.Build.0 = Release|Win32
		{17D5572F-8057-47B2-B59B-00EC040B8C93}.Release|Win32.ActiveCfg = Release|Win32
		{17D5572F-8057-47B2-B59B-00EC040B8C93}.Release|Win32.Build.0 = Release|Win32
		{17D5572F-8057-47B2-B59B-00EC040B8C93}.ReleaseStatic|Win32.ActiveCfg = Release|Win32
		{17D5572F-8057-47B2-B59B-00EC040B8C93}.ReleaseStatic|Win32.Build.0 = Release|Win32
		{17D5572F-8057-47B2-B59B-00EC040B8C93}.Template|Win32.ActiveCfg = Release|Win32
		{17D5572F-8057-47B2-B59B-00EC040B8C93}.Template|Win32.Build.0 = Release|Win32
		{17D5572F-8057-47B2-B59B-00EC040B8C93}.Unicode_Debug|Win32.ActiveCfg = Debug|Win32
		{17D5572F-8057-47B2-B59B-00EC040B8C93}.Unicode_Debug|Win32.Build.0 = Debug|Win32
		{17D5572F-8057-47B2-B59B-00EC040B8C93}.Unicode_Release|Win32.ActiveCfg = Release|Win32
		{17D5572F-8057-47B2-B59B-00EC040B8C93}.Unicode_Release|Win32.Build.0 = Release|Win32
		{F14A734F-316D-40D7-8889-83B316ECD8C5}.Debug Unicode|Win32.ActiveCfg = Debug|Win32
		{F14A734F-316D-40D7-8889-83B316ECD8C5}.Debug Unicode|Win32.Build.0 = Debug|Win32
		{F14A734F-316D-40D7-8889-83B316ECD8C5}.Debug|Win32.ActiveCfg = Debug|Win32
		{F14A734F-316D-40D7-8889-83B316ECD8C5}.Debug|Win32.Build.0 = Debug|Win32
		{F14A734F-316D-40D7-8889-83B316ECD8C5}.Release Unicode|Win32.ActiveCfg = Release|Win32
		{F14A734F-316D-40D7-8889-83B316ECD8C5}.Release Unicode|Win32.Build.0 = Release|Win32
		{F14A734F-316D-40D7-8889-83B316ECD8C5}.Release|Win32.ActiveCfg = Release|Win32
		{F14A734F-316D-40D7-8889-83B316ECD8C5}.Release|Win32.Build.0 = Release|Win32
		{F14A734F-316D-40D7-8889-83B316ECD8C5}.ReleaseStatic|Win32.ActiveCfg = Release|Win32
		{F14A734F-316D-40D7-8889-83B316ECD8C5}.ReleaseStatic|Win32.Build.0 = Release|Win32
		{F14A734F-316D-40D7-8889-83B316ECD8C5}.Template|Win32.ActiveCfg = Release|Win32
		{F14A734F-316D-40D7-8889-83B316ECD8C5}.Template|Win32.Build.0 = Release|Win32
		{F14A734F-316D-40D7-8889-83B316ECD8C5}.Unicode_Debug|Win32.ActiveCfg = Debug|Win32
		{F14A734F-316D-40D7-8889-83B316ECD8C5}.Unicode_Debug|Win32.Build.0 = Debug|Win32
		{F14A734F-316D-40D7-8889-83B316ECD8C5}.Unicode_Release|Win32.ActiveCfg = Release|Win32
		{F14A734F-316D-40D7-8889-83B316ECD8C5}.Unicode_Release|Win32.Build.0 = Release|Win32
		{5C1C6F22-7F38-438E-8D0D-A83CA0FD4746}.Debug Unicode|Win32.ActiveCfg = Debug|Win32
		{5C1C6F22-7F38-438E-8D0D-A83CA0FD4746}.Debug Unicode|Win32.Build.0 = Debug|Win32
		{5C1C6F22-7F38-438E-8D0D-A83CA0FD4746}.Debug|Win32.ActiveCfg = Debug|Win32
		{5C1C6F22-7F38-438E-8D0D-A83CA0FD4746}.Debug|Win32.Build.0 = Debug|Win32
		{5C1C6F22-7F38-438E-8D0D-A83CA0FD4746}.Release Unicode|Win32.ActiveCfg = Release|Win32
		{5C1C6F22-7F38-438E-8D0D-A83CA0FD4746}.Release Unicode|Win32.Build.0 = Release|Win32
		{5C1C6F22-7F38-438E-8D0D-A83CA0FD4746}.Release|Win32.ActiveCfg = Release|Win32
		{5C1C6F22-7F38-438E-8D0D-A83CA0FD4746}.Release|Win32.Build.0 = Release|Win32
		{5C1C6F22-7F38-438E-8D0D-A83CA0FD4746}.ReleaseStatic|Win32.ActiveCfg = Release|Win32
		{5C1C6F22-7F38-438E-8D0D-A83CA0FD4746}.ReleaseStatic|Win32.Build.0 = Release|Win32
		{5C1C6F22-7F38-438E-8D0D-A83CA0FD4746}.Template|Win32.ActiveCfg = Release|Win32
		{5C1C6F22-7F38-438E-8D0D-A83CA0FD4746}.Template|Win32.Build.0 = Release|Win32
		{5C1C6F22-7F38-438E-8D0D-A83CA0FD4746}.Unicode_Debug|Win32.ActiveCfg = Debug|Win32
		{5C1C6F22-7F38-438E-8D0D-A83CA0FD4746}.Unicode_Debug|Win32.Build.0 = Debug|Win32
		{5C1C6F22-7F38-438E-8D0D-A83CA0FD4746}.Unicode_Release|Win32.ActiveCfg = Release|Win32
		{5C1C6F22-7F38-438E-8D0D-A83CA0FD4746}.Unicode_Release|Win32.Build.0 = Release|Win32
		{DBB843AF-BB5B-4881-A2F2-D5E5989222C7}.Debug Unicode|Win32.ActiveCfg = Debug|Win32
		{DBB843AF-BB5B-4881-A2F2-D5E5989222C7}.Debug Unicode|Win32.Build.0 = Debug|Win32
		{DBB843AF-BB5B-4881-A2F2-D5E5989222C7}.Debug|Win32.ActiveCfg = Debug|Win32
		{DBB843AF-BB5B-4881-A2F2-D5E5989222C7}.Debug|Win32.Build.0 = Debug|Win32
		{DBB843AF-BB5B-4881-A2F2-D5E5989222C7}.Release Unicode|Win32.ActiveCfg = Release|Win32
		{DBB843AF-BB5B-4881-A2F2-D5E5989222C7}.Release Unicode|Win32.Build.0 = Release|Win32
		{DBB843AF-BB5B-4881-A2F2-D5E5989222C7}.Release|Win32.ActiveCfg = Release|Win32
		{DBB843AF-BB5B-4881-A2F2-D5E5989222C7}.Release|Win32.Build.0 = Release|Win32
		{DBB843AF-BB5B-4881-A2F2-D5E5989222C7}.ReleaseStatic|Win32.ActiveCfg = Release|Win32
		{DBB843AF-BB5B-4881-A2F2-D5E5989222C7}.ReleaseStatic|Win32.Build.0 = Release|Win32
		{DBB843AF-BB5B-4881-A2F2-D5E5989222C7}.Template|Win32.ActiveCfg = Release|Win32
		{DBB843AF-BB5B-4881-A2F2-D5E5989222C7}.Template|Win32.Build.0 = Release|Win32
		{DBB843AF-BB5B-4881-A2F2-D5E5989222C7}.Unicode_Debug|Win32.ActiveCfg = Debug|Win32
		{DBB843AF-BB5B-4881-A2F2-D5E5989222C7}.Unicode_Debug|Win32.Build.0 = Debug|Win32
		{DBB843AF-BB5B-4881-A2F2-D5E5989222C7}.Unicode_Release|Win32.ActiveCfg = Release|Win32
		{DBB843AF-BB5B-4881-A2F2-D5E5989222C7}.Unicode_Release|Win32.Build.0 = Release|Win32
		{BA56AFD8-EAA6-49CF-8A90-D78727556841}.Debug Unicode|Win32.ActiveCfg = Debug|Win32
		{BA56AFD8-EAA6-49CF-8A90-D78727556841}.Debug Unicode|Win32.Build.0 = Debug|Win32
		{BA56AFD8-EAA6-49CF-8A90-D78727556841}.Debug|Win32.ActiveCfg = Debug|Win32
		{BA56AFD8-EAA6-49CF-8A90-D78727556841}.Debug|Win32.Build.0 = Debug|Win32
		{BA56AFD8-EAA6-49CF-8A90-D78727556841}.Release Unicode|Win32.ActiveCfg = Release|Win32
		{BA56AFD8-EAA6-49CF-8A90-D78727556841}.Release Unicode|Win32.Build.0 = Release|Win32
		{BA56AFD8-EAA6-49CF-8A90-D78727556841}.Release|Win32.ActiveCfg = Release|Win32
		{BA56AFD8-EAA6-49CF-8A90-D78727556841}.Release|Win32.Build.0 = Release|Win32
		{BA56AFD8-EAA6-49CF-8A90-D78727556841}.ReleaseStatic|Win32.ActiveCfg = Release|Win32
		{BA56AFD8-EAA6-49CF-8A90-D78727556841}.ReleaseStatic|Win32.Build.0 = Release|Win32
		{BA56AFD8-EAA6-49CF-8A90-D78727556841}.Template|Win32.ActiveCfg = Release|Win32
		{BA56AFD8-EAA6-49CF-8A90-D78727556841}.Template|Win32.Build.0 = Release|Win32
		{BA56AFD8-EAA6-49CF-8A90-D78727556841}.Unicode_Debug|Win32.ActiveCfg = Debug|Win32
		{BA56AFD8-EAA6-49CF-8A90-D78727556841}.Unicode_Debug|Win32.Build.0 = Debug|Win32
		{BA56AFD8-EAA6-49CF-8A90-D78727556841}.Unicode_Release|Win32.ActiveCfg = Release|Win32
		{BA56AFD8-EAA6-49CF-8A90-D78727556841}.Unicode_Release|Win32.Build.0 = Release|Win32
	EndGlobalSection
	GlobalSection(SolutionProperties) = preSolution
		HideSolutionNode = FALSE
	EndGlobalSection
EndGlobal
