
Microsoft Visual Studio Solution File, Format Version 12.00
# Visual Studio 2012
Project("{8BC9CEB8-8B4A-11D0-8D11-00A0C91BC942}") = "HelloWorld", "HelloWorld\HelloWorld.vcxproj", "{ABD287C1-18CC-4752-BD3A-A423140E2683}"
EndProject
Project("{8BC9CEB8-8B4A-11D0-8D11-00A0C91BC942}") = "Float2Hex", "Float2Hex\Float2Hex.vcxproj", "{D3A3112B-9152-4230-B745-4FEEFC1868ED}"
EndProject
Project("{8BC9CEB8-8B4A-11D0-8D11-00A0C91BC942}") = "ReadFile", "ReadFile\ReadFile.vcxproj", "{64F8EDFB-C0FB-41B0-B839-5F278C7D2AE4}"
EndProject
Project("{8BC9CEB8-8B4A-11D0-8D11-00A0C91BC942}") = "ClientSocket", "ClientSocket\ClientSocket.vcxproj", "{A8EAE5AE-1EDA-46CC-9E87-A1984A7B3DBC}"
EndProject
Project("{8BC9CEB8-8B4A-11D0-8D11-00A0C91BC942}") = "FastProcessing", "FastProcessing\FastProcessing.vcxproj", "{850C09B3-6606-44FE-AA6C-B3186FE69EB6}"
EndProject
Project("{8BC9CEB8-8B4A-11D0-8D11-00A0C91BC942}") = "SetDIBitsToDevice", "SetDIBitsToDevice\SetDIBitsToDevice.vcxproj", "{25D46853-B6F2-4FB5-A28F-8E7D48244252}"
EndProject
Project("{8BC9CEB8-8B4A-11D0-8D11-00A0C91BC942}") = "GetDeviceCaps", "GetDeviceCaps\GetDeviceCaps.vcxproj", "{228DE685-2920-4ECE-81ED-87E5E10D57A8}"
EndProject
Project("{8BC9CEB8-8B4A-11D0-8D11-00A0C91BC942}") = "Decryption", "Decryption\Decryption.vcxproj", "{FD4229C7-9568-43CD-8E4F-E4FFCC01C3DC}"
EndProject
Project("{8BC9CEB8-8B4A-11D0-8D11-00A0C91BC942}") = "Minidump", "Minidump\Minidump.vcxproj", "{E785BAA4-0E62-4C97-B429-E7ECE3D9CBA4}"
EndProject
Project("{8BC9CEB8-8B4A-11D0-8D11-00A0C91BC942}") = "DDraw01", "DDraw01\DDraw01.vcxproj", "{AD3C5670-89ED-4703-A5AF-676FF734DF9E}"
EndProject
Project("{8BC9CEB8-8B4A-11D0-8D11-00A0C91BC942}") = "ddsamp", "ddsamp\ddsamp.vcxproj", "{C2998B7A-ECF1-4A4B-91A2-BA55F559D661}"
EndProject
Project("{8BC9CEB8-8B4A-11D0-8D11-00A0C91BC942}") = "ServerSocket", "ServerSocket\ServerSocket.vcxproj", "{6C4482A0-C5CE-43A3-A184-6B539D1C88DE}"
EndProject
Project("{8BC9CEB8-8B4A-11D0-8D11-00A0C91BC942}") = "MultiThread01", "MultiThread01\MultiThread01.vcxproj", "{AE387F1A-A5AA-4945-BB05-21469BC89789}"
EndProject
Project("{8BC9CEB8-8B4A-11D0-8D11-00A0C91BC942}") = "GridCtrlDemo", "GridCtrl\GridCtrlDemo.vcxproj", "{4CD8F998-5BE3-45A9-B396-E854F999CFF7}"
EndProject
Project("{8BC9CEB8-8B4A-11D0-8D11-00A0C91BC942}") = "Database", "Database\Database.vcxproj", "{D6CDD50A-3801-431F-988F-932B144D22DD}"
EndProject
Project("{8BC9CEB8-8B4A-11D0-8D11-00A0C91BC942}") = "Grid", "Grid\Grid.vcxproj", "{17D5572F-8057-47B2-B59B-00EC040B8C93}"
EndProject
Project("{8BC9CEB8-8B4A-11D0-8D11-00A0C91BC942}") = "MacroStringName", "MacroStringName\MacroStringName.vcxproj", "{F14A734F-316D-40D7-8889-83B316ECD8C5}"
EndProject
Project("{8BC9CEB8-8B4A-11D0-8D11-00A0C91BC942}") = "HexTools", "HexTools_Project\HexTools.vcxproj", "{5C1C6F22-7F38-438E-8D0D-A83CA0FD4746}"
EndProject
Project("{8BC9CEB8-8B4A-11D0-8D11-00A0C91BC942}") = "pugixml", "pugixml\pugixml.vcxproj", "{DBB843AF-BB5B-4881-A2F2-D5E5989222C7}"
EndProject
Project("{8BC9CEB8-8B4A-11D0-8D11-00A0C91BC942}") = "TemplateTest01", "TemplateTest01\TemplateTest01.vcxproj", "{BA56AFD8-EAA6-49CF-8A90-D78727556841}"
EndProject
Project("{8BC9CEB8-8B4A-11D0-8D11-00A0C91BC942}") = "Round", "Round\Round.vcxproj", "{59396B53-281B-4576-A44E-33D345B492F4}"
EndProject
Project("{8BC9CEB8-8B4A-11D0-8D11-00A0C91BC942}") = "OpenCVTest01", "OpenCVTest01\OpenCVTest01.vcxproj", "{B7A61C83-02EA-4584-8FB7-6F8B0650658E}"
EndProject
Project("{8BC9CEB8-8B4A-11D0-8D11-00A0C91BC942}") = "OpenCVTest02", "OpenCVTest02\OpenCVTest02.vcxproj", "{06885C24-7E69-4580-9CC1-A7F4DFE81CBD}"
EndProject
Project("{8BC9CEB8-8B4A-11D0-8D11-00A0C91BC942}") = "OpenCVTest03", "OpenCVTest03\OpenCVTest03.vcxproj", "{2BAADDEC-F2C3-42E1-B61F-742E0295B567}"
EndProject
Project("{8BC9CEB8-8B4A-11D0-8D11-00A0C91BC942}") = "OpenCVTest04", "OpenCVTest04\OpenCVTest04.vcxproj", "{B6A28C1C-5AEF-4DCC-A7AE-16E01F52465E}"
EndProject
Project("{8BC9CEB8-8B4A-11D0-8D11-00A0C91BC942}") = "OpenCVTest05", "OpenCVTest05\OpenCVTest05.vcxproj", "{5970F89C-03A4-4FB4-84F6-9C5A30913EE9}"
EndProject
Project("{8BC9CEB8-8B4A-11D0-8D11-00A0C91BC942}") = "OpenCVTest06", "OpenCVTest06\OpenCVTest06.vcxproj", "{0D07159B-214A-41EA-921F-E0AA609780EB}"
EndProject
Project("{8BC9CEB8-8B4A-11D0-8D11-00A0C91BC942}") = "Decimal2Hex", "Decimal2Hex\Decimal2Hex.vcxproj", "{B6145223-27A4-4E47-8816-4B5C972606C8}"
EndProject
Project("{8BC9CEB8-8B4A-11D0-8D11-00A0C91BC942}") = "OpenCVTest07_Tenengrad", "OpenCVTest07_Tenengrad\OpenCVTest07_Tenengrad.vcxproj", "{75B7A0A6-30B5-41A3-AA8E-3A7A8352C3DA}"
EndProject
Project("{8BC9CEB8-8B4A-11D0-8D11-00A0C91BC942}") = "WindowPos", "WindowPos\WindowPos.vcxproj", "{A7A6D54B-9177-4F65-9873-23D70B69CDEC}"
EndProject
Project("{8BC9CEB8-8B4A-11D0-8D11-00A0C91BC942}") = "TemplateTest02", "TemplateTest02\TemplateTest02.vcxproj", "{BDEC2819-9450-4C90-AFB7-910CCF1F20A5}"
EndProject
Project("{8BC9CEB8-8B4A-11D0-8D11-00A0C91BC942}") = "TransparentPaint_StretchBlt_Test", "TransparentPaint_StretchBlt_Test\TransparentPaint_StretchBlt_Test.vcxproj", "{24A29A16-7E50-4C51-8208-FC2FBF2657FC}"
EndProject
Project("{8BC9CEB8-8B4A-11D0-8D11-00A0C91BC942}") = "TransparentBitmap_MaskBitmap", "TransparentBitmap_MaskBitmap\TransparentBitmap_MaskBitmap.vcxproj", "{D0ACA23C-F2CE-4F23-8322-94F2EB565BE3}"
EndProject
Project("{8BC9CEB8-8B4A-11D0-8D11-00A0C91BC942}") = "TransparentButtonDemo", "TransparentButtonDemo\TransparentButtonDemo.vcxproj", "{36F0D1E5-AEE7-4098-A7F5-16792AB4C4D0}"
EndProject
Project("{8BC9CEB8-8B4A-11D0-8D11-00A0C91BC942}") = "RplColor", "RplColor\RplColor.vcxproj", "{CAF1F257-D57A-48D0-8EF0-940EBF2EBBC3}"
EndProject
Project("{8BC9CEB8-8B4A-11D0-8D11-00A0C91BC942}") = "TransparentBitmap_ReplaceColor", "TransparentBitmap_ReplaceColor\TransparentBitmap_ReplaceColor.vcxproj", "{3937D062-8DF2-42B6-B93C-8B914C06B653}"
EndProject
Project("{8BC9CEB8-8B4A-11D0-8D11-00A0C91BC942}") = "TransparentPaint_TransparentBlt_Test", "TransparentPaint_TransparentBlt_Test\TransparentPaint_TransparentBlt_Test.vcxproj", "{97B4C474-41BD-47A4-99C0-50956ED7BFFE}"
EndProject
Project("{8BC9CEB8-8B4A-11D0-8D11-00A0C91BC942}") = "TransparentPaint_TransparentBlt_Test02", "TransparentPaint_TransparentBlt_Test02\TransparentPaint_TransparentBlt_Test02.vcxproj", "{73F9EA30-AB73-40E5-A038-82FDAE648D1B}"
EndProject
Project("{8BC9CEB8-8B4A-11D0-8D11-00A0C91BC942}") = "TransparentPaint_TransparentBlt_Test03", "TransparentPaint_TransparentBlt_Test03\TransparentPaint_TransparentBlt_Test03.vcxproj", "{315BEA31-3243-458F-8B5A-1D9FD1AA3205}"
EndProject
Project("{8BC9CEB8-8B4A-11D0-8D11-00A0C91BC942}") = "TransparentBitmap_Bitblt01", "TransparentBitmap_Bitblt01\TransparentBitmap_Bitblt01.vcxproj", "{C13209FE-B8FF-44CC-89D0-4BC0069FD341}"
EndProject
Project("{8BC9CEB8-8B4A-11D0-8D11-00A0C91BC942}") = "TransparentBitmap_Bitblt02", "TransparentBitmap_Bitblt02\TransparentBitmap_Bitblt02.vcxproj", "{8F86F7DD-C345-4B02-8BB2-4393D012C6A7}"
EndProject
Project("{8BC9CEB8-8B4A-11D0-8D11-00A0C91BC942}") = "TransparentPaint_StretchBlt_Test02", "TransparentPaint_StretchBlt_Test02\TransparentPaint_StretchBlt_Test02.vcxproj", "{FB7882E6-1A2A-40F7-A8F3-8E07D263CA45}"
EndProject
Global
	GlobalSection(SolutionConfigurationPlatforms) = preSolution
		Debug Unicode|Win32 = Debug Unicode|Win32
		Debug|Win32 = Debug|Win32
		Release Unicode|Win32 = Release Unicode|Win32
		Release|Win32 = Release|Win32
		ReleaseStatic|Win32 = ReleaseStatic|Win32
		Template|Win32 = Template|Win32
		Unicode_Debug|Win32 = Unicode_Debug|Win32
		Unicode_Release|Win32 = Unicode_Release|Win32
	EndGlobalSection
	GlobalSection(ProjectConfigurationPlatforms) = postSolution
		{ABD287C1-18CC-4752-BD3A-A423140E2683}.Debug Unicode|Win32.ActiveCfg = Debug|Win32
		{ABD287C1-18CC-4752-BD3A-A423140E2683}.Debug Unicode|Win32.Build.0 = Debug|Win32
		{ABD287C1-18CC-4752-BD3A-A423140E2683}.Debug|Win32.ActiveCfg = Debug|Win32
		{ABD287C1-18CC-4752-BD3A-A423140E2683}.Debug|Win32.Build.0 = Debug|Win32
		{ABD287C1-18CC-4752-BD3A-A423140E2683}.Release Unicode|Win32.ActiveCfg = Release|Win32
		{ABD287C1-18CC-4752-BD3A-A423140E2683}.Release Unicode|Win32.Build.0 = Release|Win32
		{ABD287C1-18CC-4752-BD3A-A423140E2683}.Release|Win32.ActiveCfg = Release|Win32
		{ABD287C1-18CC-4752-BD3A-A423140E2683}.Release|Win32.Build.0 = Release|Win32
		{ABD287C1-18CC-4752-BD3A-A423140E2683}.ReleaseStatic|Win32.ActiveCfg = Release|Win32
		{ABD287C1-18CC-4752-BD3A-A423140E2683}.ReleaseStatic|Win32.Build.0 = Release|Win32
		{ABD287C1-18CC-4752-BD3A-A423140E2683}.Template|Win32.ActiveCfg = Release|Win32
		{ABD287C1-18CC-4752-BD3A-A423140E2683}.Template|Win32.Build.0 = Release|Win32
		{ABD287C1-18CC-4752-BD3A-A423140E2683}.Unicode_Debug|Win32.ActiveCfg = Debug|Win32
		{ABD287C1-18CC-4752-BD3A-A423140E2683}.Unicode_Debug|Win32.Build.0 = Debug|Win32
		{ABD287C1-18CC-4752-BD3A-A423140E2683}.Unicode_Release|Win32.ActiveCfg = Release|Win32
		{ABD287C1-18CC-4752-BD3A-A423140E2683}.Unicode_Release|Win32.Build.0 = Release|Win32
		{D3A3112B-9152-4230-B745-4FEEFC1868ED}.Debug Unicode|Win32.ActiveCfg = Debug|Win32
		{D3A3112B-9152-4230-B745-4FEEFC1868ED}.Debug Unicode|Win32.Build.0 = Debug|Win32
		{D3A3112B-9152-4230-B745-4FEEFC1868ED}.Debug|Win32.ActiveCfg = Debug|Win32
		{D3A3112B-9152-4230-B745-4FEEFC1868ED}.Debug|Win32.Build.0 = Debug|Win32
		{D3A3112B-9152-4230-B745-4FEEFC1868ED}.Release Unicode|Win32.ActiveCfg = Release|Win32
		{D3A3112B-9152-4230-B745-4FEEFC1868ED}.Release Unicode|Win32.Build.0 = Release|Win32
		{D3A3112B-9152-4230-B745-4FEEFC1868ED}.Release|Win32.ActiveCfg = Release|Win32
		{D3A3112B-9152-4230-B745-4FEEFC1868ED}.Release|Win32.Build.0 = Release|Win32
		{D3A3112B-9152-4230-B745-4FEEFC1868ED}.ReleaseStatic|Win32.ActiveCfg = Release|Win32
		{D3A3112B-9152-4230-B745-4FEEFC1868ED}.ReleaseStatic|Win32.Build.0 = Release|Win32
		{D3A3112B-9152-4230-B745-4FEEFC1868ED}.Template|Win32.ActiveCfg = Release|Win32
		{D3A3112B-9152-4230-B745-4FEEFC1868ED}.Template|Win32.Build.0 = Release|Win32
		{D3A3112B-9152-4230-B745-4FEEFC1868ED}.Unicode_Debug|Win32.ActiveCfg = Debug|Win32
		{D3A3112B-9152-4230-B745-4FEEFC1868ED}.Unicode_Debug|Win32.Build.0 = Debug|Win32
		{D3A3112B-9152-4230-B745-4FEEFC1868ED}.Unicode_Release|Win32.ActiveCfg = Release|Win32
		{D3A3112B-9152-4230-B745-4FEEFC1868ED}.Unicode_Release|Win32.Build.0 = Release|Win32
		{64F8EDFB-C0FB-41B0-B839-5F278C7D2AE4}.Debug Unicode|Win32.ActiveCfg = Debug|Win32
		{64F8EDFB-C0FB-41B0-B839-5F278C7D2AE4}.Debug Unicode|Win32.Build.0 = Debug|Win32
		{64F8EDFB-C0FB-41B0-B839-5F278C7D2AE4}.Debug|Win32.ActiveCfg = Debug|Win32
		{64F8EDFB-C0FB-41B0-B839-5F278C7D2AE4}.Debug|Win32.Build.0 = Debug|Win32
		{64F8EDFB-C0FB-41B0-B839-5F278C7D2AE4}.Release Unicode|Win32.ActiveCfg = Release|Win32
		{64F8EDFB-C0FB-41B0-B839-5F278C7D2AE4}.Release Unicode|Win32.Build.0 = Release|Win32
		{64F8EDFB-C0FB-41B0-B839-5F278C7D2AE4}.Release|Win32.ActiveCfg = Release|Win32
		{64F8EDFB-C0FB-41B0-B839-5F278C7D2AE4}.Release|Win32.Build.0 = Release|Win32
		{64F8EDFB-C0FB-41B0-B839-5F278C7D2AE4}.ReleaseStatic|Win32.ActiveCfg = Release|Win32
		{64F8EDFB-C0FB-41B0-B839-5F278C7D2AE4}.ReleaseStatic|Win32.Build.0 = Release|Win32
		{64F8EDFB-C0FB-41B0-B839-5F278C7D2AE4}.Template|Win32.ActiveCfg = Release|Win32
		{64F8EDFB-C0FB-41B0-B839-5F278C7D2AE4}.Template|Win32.Build.0 = Release|Win32
		{64F8EDFB-C0FB-41B0-B839-5F278C7D2AE4}.Unicode_Debug|Win32.ActiveCfg = Debug|Win32
		{64F8EDFB-C0FB-41B0-B839-5F278C7D2AE4}.Unicode_Debug|Win32.Build.0 = Debug|Win32
		{64F8EDFB-C0FB-41B0-B839-5F278C7D2AE4}.Unicode_Release|Win32.ActiveCfg = Release|Win32
		{64F8EDFB-C0FB-41B0-B839-5F278C7D2AE4}.Unicode_Release|Win32.Build.0 = Release|Win32
		{A8EAE5AE-1EDA-46CC-9E87-A1984A7B3DBC}.Debug Unicode|Win32.ActiveCfg = Debug|Win32
		{A8EAE5AE-1EDA-46CC-9E87-A1984A7B3DBC}.Debug Unicode|Win32.Build.0 = Debug|Win32
		{A8EAE5AE-1EDA-46CC-9E87-A1984A7B3DBC}.Debug|Win32.ActiveCfg = Debug|Win32
		{A8EAE5AE-1EDA-46CC-9E87-A1984A7B3DBC}.Debug|Win32.Build.0 = Debug|Win32
		{A8EAE5AE-1EDA-46CC-9E87-A1984A7B3DBC}.Release Unicode|Win32.ActiveCfg = Release|Win32
		{A8EAE5AE-1EDA-46CC-9E87-A1984A7B3DBC}.Release Unicode|Win32.Build.0 = Release|Win32
		{A8EAE5AE-1EDA-46CC-9E87-A1984A7B3DBC}.Release|Win32.ActiveCfg = Release|Win32
		{A8EAE5AE-1EDA-46CC-9E87-A1984A7B3DBC}.Release|Win32.Build.0 = Release|Win32
		{A8EAE5AE-1EDA-46CC-9E87-A1984A7B3DBC}.ReleaseStatic|Win32.ActiveCfg = Release|Win32
		{A8EAE5AE-1EDA-46CC-9E87-A1984A7B3DBC}.ReleaseStatic|Win32.Build.0 = Release|Win32
		{A8EAE5AE-1EDA-46CC-9E87-A1984A7B3DBC}.Template|Win32.ActiveCfg = Release|Win32
		{A8EAE5AE-1EDA-46CC-9E87-A1984A7B3DBC}.Template|Win32.Build.0 = Release|Win32
		{A8EAE5AE-1EDA-46CC-9E87-A1984A7B3DBC}.Unicode_Debug|Win32.ActiveCfg = Debug|Win32
		{A8EAE5AE-1EDA-46CC-9E87-A1984A7B3DBC}.Unicode_Debug|Win32.Build.0 = Debug|Win32
		{A8EAE5AE-1EDA-46CC-9E87-A1984A7B3DBC}.Unicode_Release|Win32.ActiveCfg = Release|Win32
		{A8EAE5AE-1EDA-46CC-9E87-A1984A7B3DBC}.Unicode_Release|Win32.Build.0 = Release|Win32
		{850C09B3-6606-44FE-AA6C-B3186FE69EB6}.Debug Unicode|Win32.ActiveCfg = Debug|Win32
		{850C09B3-6606-44FE-AA6C-B3186FE69EB6}.Debug Unicode|Win32.Build.0 = Debug|Win32
		{850C09B3-6606-44FE-AA6C-B3186FE69EB6}.Debug|Win32.ActiveCfg = Debug|Win32
		{850C09B3-6606-44FE-AA6C-B3186FE69EB6}.Debug|Win32.Build.0 = Debug|Win32
		{850C09B3-6606-44FE-AA6C-B3186FE69EB6}.Release Unicode|Win32.ActiveCfg = Release|Win32
		{850C09B3-6606-44FE-AA6C-B3186FE69EB6}.Release Unicode|Win32.Build.0 = Release|Win32
		{850C09B3-6606-44FE-AA6C-B3186FE69EB6}.Release|Win32.ActiveCfg = Release|Win32
		{850C09B3-6606-44FE-AA6C-B3186FE69EB6}.Release|Win32.Build.0 = Release|Win32
		{850C09B3-6606-44FE-AA6C-B3186FE69EB6}.ReleaseStatic|Win32.ActiveCfg = Release|Win32
		{850C09B3-6606-44FE-AA6C-B3186FE69EB6}.ReleaseStatic|Win32.Build.0 = Release|Win32
		{850C09B3-6606-44FE-AA6C-B3186FE69EB6}.Template|Win32.ActiveCfg = Release|Win32
		{850C09B3-6606-44FE-AA6C-B3186FE69EB6}.Template|Win32.Build.0 = Release|Win32
		{850C09B3-6606-44FE-AA6C-B3186FE69EB6}.Unicode_Debug|Win32.ActiveCfg = Debug|Win32
		{850C09B3-6606-44FE-AA6C-B3186FE69EB6}.Unicode_Debug|Win32.Build.0 = Debug|Win32
		{850C09B3-6606-44FE-AA6C-B3186FE69EB6}.Unicode_Release|Win32.ActiveCfg = Release|Win32
		{850C09B3-6606-44FE-AA6C-B3186FE69EB6}.Unicode_Release|Win32.Build.0 = Release|Win32
		{25D46853-B6F2-4FB5-A28F-8E7D48244252}.Debug Unicode|Win32.ActiveCfg = Debug|Win32
		{25D46853-B6F2-4FB5-A28F-8E7D48244252}.Debug Unicode|Win32.Build.0 = Debug|Win32
		{25D46853-B6F2-4FB5-A28F-8E7D48244252}.Debug|Win32.ActiveCfg = Debug|Win32
		{25D46853-B6F2-4FB5-A28F-8E7D48244252}.Debug|Win32.Build.0 = Debug|Win32
		{25D46853-B6F2-4FB5-A28F-8E7D48244252}.Release Unicode|Win32.ActiveCfg = Release|Win32
		{25D46853-B6F2-4FB5-A28F-8E7D48244252}.Release Unicode|Win32.Build.0 = Release|Win32
		{25D46853-B6F2-4FB5-A28F-8E7D48244252}.Release|Win32.ActiveCfg = Release|Win32
		{25D46853-B6F2-4FB5-A28F-8E7D48244252}.Release|Win32.Build.0 = Release|Win32
		{25D46853-B6F2-4FB5-A28F-8E7D48244252}.ReleaseStatic|Win32.ActiveCfg = Release|Win32
		{25D46853-B6F2-4FB5-A28F-8E7D48244252}.ReleaseStatic|Win32.Build.0 = Release|Win32
		{25D46853-B6F2-4FB5-A28F-8E7D48244252}.Template|Win32.ActiveCfg = Release|Win32
		{25D46853-B6F2-4FB5-A28F-8E7D48244252}.Template|Win32.Build.0 = Release|Win32
		{25D46853-B6F2-4FB5-A28F-8E7D48244252}.Unicode_Debug|Win32.ActiveCfg = Debug|Win32
		{25D46853-B6F2-4FB5-A28F-8E7D48244252}.Unicode_Debug|Win32.Build.0 = Debug|Win32
		{25D46853-B6F2-4FB5-A28F-8E7D48244252}.Unicode_Release|Win32.ActiveCfg = Release|Win32
		{25D46853-B6F2-4FB5-A28F-8E7D48244252}.Unicode_Release|Win32.Build.0 = Release|Win32
		{228DE685-2920-4ECE-81ED-87E5E10D57A8}.Debug Unicode|Win32.ActiveCfg = Debug|Win32
		{228DE685-2920-4ECE-81ED-87E5E10D57A8}.Debug Unicode|Win32.Build.0 = Debug|Win32
		{228DE685-2920-4ECE-81ED-87E5E10D57A8}.Debug|Win32.ActiveCfg = Debug|Win32
		{228DE685-2920-4ECE-81ED-87E5E10D57A8}.Debug|Win32.Build.0 = Debug|Win32
		{228DE685-2920-4ECE-81ED-87E5E10D57A8}.Release Unicode|Win32.ActiveCfg = Release|Win32
		{228DE685-2920-4ECE-81ED-87E5E10D57A8}.Release Unicode|Win32.Build.0 = Release|Win32
		{228DE685-2920-4ECE-81ED-87E5E10D57A8}.Release|Win32.ActiveCfg = Release|Win32
		{228DE685-2920-4ECE-81ED-87E5E10D57A8}.Release|Win32.Build.0 = Release|Win32
		{228DE685-2920-4ECE-81ED-87E5E10D57A8}.ReleaseStatic|Win32.ActiveCfg = Release|Win32
		{228DE685-2920-4ECE-81ED-87E5E10D57A8}.ReleaseStatic|Win32.Build.0 = Release|Win32
		{228DE685-2920-4ECE-81ED-87E5E10D57A8}.Template|Win32.ActiveCfg = Release|Win32
		{228DE685-2920-4ECE-81ED-87E5E10D57A8}.Template|Win32.Build.0 = Release|Win32
		{228DE685-2920-4ECE-81ED-87E5E10D57A8}.Unicode_Debug|Win32.ActiveCfg = Debug|Win32
		{228DE685-2920-4ECE-81ED-87E5E10D57A8}.Unicode_Debug|Win32.Build.0 = Debug|Win32
		{228DE685-2920-4ECE-81ED-87E5E10D57A8}.Unicode_Release|Win32.ActiveCfg = Release|Win32
		{228DE685-2920-4ECE-81ED-87E5E10D57A8}.Unicode_Release|Win32.Build.0 = Release|Win32
		{FD4229C7-9568-43CD-8E4F-E4FFCC01C3DC}.Debug Unicode|Win32.ActiveCfg = Debug|Win32
		{FD4229C7-9568-43CD-8E4F-E4FFCC01C3DC}.Debug Unicode|Win32.Build.0 = Debug|Win32
		{FD4229C7-9568-43CD-8E4F-E4FFCC01C3DC}.Debug|Win32.ActiveCfg = Debug|Win32
		{FD4229C7-9568-43CD-8E4F-E4FFCC01C3DC}.Debug|Win32.Build.0 = Debug|Win32
		{FD4229C7-9568-43CD-8E4F-E4FFCC01C3DC}.Release Unicode|Win32.ActiveCfg = Release|Win32
		{FD4229C7-9568-43CD-8E4F-E4FFCC01C3DC}.Release Unicode|Win32.Build.0 = Release|Win32
		{FD4229C7-9568-43CD-8E4F-E4FFCC01C3DC}.Release|Win32.ActiveCfg = Release|Win32
		{FD4229C7-9568-43CD-8E4F-E4FFCC01C3DC}.Release|Win32.Build.0 = Release|Win32
		{FD4229C7-9568-43CD-8E4F-E4FFCC01C3DC}.ReleaseStatic|Win32.ActiveCfg = Release|Win32
		{FD4229C7-9568-43CD-8E4F-E4FFCC01C3DC}.ReleaseStatic|Win32.Build.0 = Release|Win32
		{FD4229C7-9568-43CD-8E4F-E4FFCC01C3DC}.Template|Win32.ActiveCfg = Release|Win32
		{FD4229C7-9568-43CD-8E4F-E4FFCC01C3DC}.Template|Win32.Build.0 = Release|Win32
		{FD4229C7-9568-43CD-8E4F-E4FFCC01C3DC}.Unicode_Debug|Win32.ActiveCfg = Debug|Win32
		{FD4229C7-9568-43CD-8E4F-E4FFCC01C3DC}.Unicode_Debug|Win32.Build.0 = Debug|Win32
		{FD4229C7-9568-43CD-8E4F-E4FFCC01C3DC}.Unicode_Release|Win32.ActiveCfg = Release|Win32
		{FD4229C7-9568-43CD-8E4F-E4FFCC01C3DC}.Unicode_Release|Win32.Build.0 = Release|Win32
		{E785BAA4-0E62-4C97-B429-E7ECE3D9CBA4}.Debug Unicode|Win32.ActiveCfg = Debug|Win32
		{E785BAA4-0E62-4C97-B429-E7ECE3D9CBA4}.Debug Unicode|Win32.Build.0 = Debug|Win32
		{E785BAA4-0E62-4C97-B429-E7ECE3D9CBA4}.Debug|Win32.ActiveCfg = Debug|Win32
		{E785BAA4-0E62-4C97-B429-E7ECE3D9CBA4}.Debug|Win32.Build.0 = Debug|Win32
		{E785BAA4-0E62-4C97-B429-E7ECE3D9CBA4}.Release Unicode|Win32.ActiveCfg = Release|Win32
		{E785BAA4-0E62-4C97-B429-E7ECE3D9CBA4}.Release Unicode|Win32.Build.0 = Release|Win32
		{E785BAA4-0E62-4C97-B429-E7ECE3D9CBA4}.Release|Win32.ActiveCfg = Release|Win32
		{E785BAA4-0E62-4C97-B429-E7ECE3D9CBA4}.Release|Win32.Build.0 = Release|Win32
		{E785BAA4-0E62-4C97-B429-E7ECE3D9CBA4}.ReleaseStatic|Win32.ActiveCfg = Release|Win32
		{E785BAA4-0E62-4C97-B429-E7ECE3D9CBA4}.ReleaseStatic|Win32.Build.0 = Release|Win32
		{E785BAA4-0E62-4C97-B429-E7ECE3D9CBA4}.Template|Win32.ActiveCfg = Release|Win32
		{E785BAA4-0E62-4C97-B429-E7ECE3D9CBA4}.Template|Win32.Build.0 = Release|Win32
		{E785BAA4-0E62-4C97-B429-E7ECE3D9CBA4}.Unicode_Debug|Win32.ActiveCfg = Debug|Win32
		{E785BAA4-0E62-4C97-B429-E7ECE3D9CBA4}.Unicode_Debug|Win32.Build.0 = Debug|Win32
		{E785BAA4-0E62-4C97-B429-E7ECE3D9CBA4}.Unicode_Release|Win32.ActiveCfg = Release|Win32
		{E785BAA4-0E62-4C97-B429-E7ECE3D9CBA4}.Unicode_Release|Win32.Build.0 = Release|Win32
		{AD3C5670-89ED-4703-A5AF-676FF734DF9E}.Debug Unicode|Win32.ActiveCfg = Debug|Win32
		{AD3C5670-89ED-4703-A5AF-676FF734DF9E}.Debug Unicode|Win32.Build.0 = Debug|Win32
		{AD3C5670-89ED-4703-A5AF-676FF734DF9E}.Debug|Win32.ActiveCfg = Debug|Win32
		{AD3C5670-89ED-4703-A5AF-676FF734DF9E}.Debug|Win32.Build.0 = Debug|Win32
		{AD3C5670-89ED-4703-A5AF-676FF734DF9E}.Release Unicode|Win32.ActiveCfg = Release|Win32
		{AD3C5670-89ED-4703-A5AF-676FF734DF9E}.Release Unicode|Win32.Build.0 = Release|Win32
		{AD3C5670-89ED-4703-A5AF-676FF734DF9E}.Release|Win32.ActiveCfg = Release|Win32
		{AD3C5670-89ED-4703-A5AF-676FF734DF9E}.Release|Win32.Build.0 = Release|Win32
		{AD3C5670-89ED-4703-A5AF-676FF734DF9E}.ReleaseStatic|Win32.ActiveCfg = Release|Win32
		{AD3C5670-89ED-4703-A5AF-676FF734DF9E}.ReleaseStatic|Win32.Build.0 = Release|Win32
		{AD3C5670-89ED-4703-A5AF-676FF734DF9E}.Template|Win32.ActiveCfg = Release|Win32
		{AD3C5670-89ED-4703-A5AF-676FF734DF9E}.Template|Win32.Build.0 = Release|Win32
		{AD3C5670-89ED-4703-A5AF-676FF734DF9E}.Unicode_Debug|Win32.ActiveCfg = Debug|Win32
		{AD3C5670-89ED-4703-A5AF-676FF734DF9E}.Unicode_Debug|Win32.Build.0 = Debug|Win32
		{AD3C5670-89ED-4703-A5AF-676FF734DF9E}.Unicode_Release|Win32.ActiveCfg = Release|Win32
		{AD3C5670-89ED-4703-A5AF-676FF734DF9E}.Unicode_Release|Win32.Build.0 = Release|Win32
		{C2998B7A-ECF1-4A4B-91A2-BA55F559D661}.Debug Unicode|Win32.ActiveCfg = Debug|Win32
		{C2998B7A-ECF1-4A4B-91A2-BA55F559D661}.Debug Unicode|Win32.Build.0 = Debug|Win32
		{C2998B7A-ECF1-4A4B-91A2-BA55F559D661}.Debug|Win32.ActiveCfg = Debug|Win32
		{C2998B7A-ECF1-4A4B-91A2-BA55F559D661}.Debug|Win32.Build.0 = Debug|Win32
		{C2998B7A-ECF1-4A4B-91A2-BA55F559D661}.Release Unicode|Win32.ActiveCfg = Release|Win32
		{C2998B7A-ECF1-4A4B-91A2-BA55F559D661}.Release Unicode|Win32.Build.0 = Release|Win32
		{C2998B7A-ECF1-4A4B-91A2-BA55F559D661}.Release|Win32.ActiveCfg = Release|Win32
		{C2998B7A-ECF1-4A4B-91A2-BA55F559D661}.Release|Win32.Build.0 = Release|Win32
		{C2998B7A-ECF1-4A4B-91A2-BA55F559D661}.ReleaseStatic|Win32.ActiveCfg = Release|Win32
		{C2998B7A-ECF1-4A4B-91A2-BA55F559D661}.ReleaseStatic|Win32.Build.0 = Release|Win32
		{C2998B7A-ECF1-4A4B-91A2-BA55F559D661}.Template|Win32.ActiveCfg = Release|Win32
		{C2998B7A-ECF1-4A4B-91A2-BA55F559D661}.Template|Win32.Build.0 = Release|Win32
		{C2998B7A-ECF1-4A4B-91A2-BA55F559D661}.Unicode_Debug|Win32.ActiveCfg = Debug|Win32
		{C2998B7A-ECF1-4A4B-91A2-BA55F559D661}.Unicode_Debug|Win32.Build.0 = Debug|Win32
		{C2998B7A-ECF1-4A4B-91A2-BA55F559D661}.Unicode_Release|Win32.ActiveCfg = Release|Win32
		{C2998B7A-ECF1-4A4B-91A2-BA55F559D661}.Unicode_Release|Win32.Build.0 = Release|Win32
		{6C4482A0-C5CE-43A3-A184-6B539D1C88DE}.Debug Unicode|Win32.ActiveCfg = Debug|Win32
		{6C4482A0-C5CE-43A3-A184-6B539D1C88DE}.Debug Unicode|Win32.Build.0 = Debug|Win32
		{6C4482A0-C5CE-43A3-A184-6B539D1C88DE}.Debug|Win32.ActiveCfg = Debug|Win32
		{6C4482A0-C5CE-43A3-A184-6B539D1C88DE}.Debug|Win32.Build.0 = Debug|Win32
		{6C4482A0-C5CE-43A3-A184-6B539D1C88DE}.Release Unicode|Win32.ActiveCfg = Release|Win32
		{6C4482A0-C5CE-43A3-A184-6B539D1C88DE}.Release Unicode|Win32.Build.0 = Release|Win32
		{6C4482A0-C5CE-43A3-A184-6B539D1C88DE}.Release|Win32.ActiveCfg = Release|Win32
		{6C4482A0-C5CE-43A3-A184-6B539D1C88DE}.Release|Win32.Build.0 = Release|Win32
		{6C4482A0-C5CE-43A3-A184-6B539D1C88DE}.ReleaseStatic|Win32.ActiveCfg = Release|Win32
		{6C4482A0-C5CE-43A3-A184-6B539D1C88DE}.ReleaseStatic|Win32.Build.0 = Release|Win32
		{6C4482A0-C5CE-43A3-A184-6B539D1C88DE}.Template|Win32.ActiveCfg = Release|Win32
		{6C4482A0-C5CE-43A3-A184-6B539D1C88DE}.Template|Win32.Build.0 = Release|Win32
		{6C4482A0-C5CE-43A3-A184-6B539D1C88DE}.Unicode_Debug|Win32.ActiveCfg = Debug|Win32
		{6C4482A0-C5CE-43A3-A184-6B539D1C88DE}.Unicode_Debug|Win32.Build.0 = Debug|Win32
		{6C4482A0-C5CE-43A3-A184-6B539D1C88DE}.Unicode_Release|Win32.ActiveCfg = Release|Win32
		{6C4482A0-C5CE-43A3-A184-6B539D1C88DE}.Unicode_Release|Win32.Build.0 = Release|Win32
		{AE387F1A-A5AA-4945-BB05-21469BC89789}.Debug Unicode|Win32.ActiveCfg = Debug|Win32
		{AE387F1A-A5AA-4945-BB05-21469BC89789}.Debug Unicode|Win32.Build.0 = Debug|Win32
		{AE387F1A-A5AA-4945-BB05-21469BC89789}.Debug|Win32.ActiveCfg = Debug|Win32
		{AE387F1A-A5AA-4945-BB05-21469BC89789}.Debug|Win32.Build.0 = Debug|Win32
		{AE387F1A-A5AA-4945-BB05-21469BC89789}.Release Unicode|Win32.ActiveCfg = Release|Win32
		{AE387F1A-A5AA-4945-BB05-21469BC89789}.Release Unicode|Win32.Build.0 = Release|Win32
		{AE387F1A-A5AA-4945-BB05-21469BC89789}.Release|Win32.ActiveCfg = Release|Win32
		{AE387F1A-A5AA-4945-BB05-21469BC89789}.Release|Win32.Build.0 = Release|Win32
		{AE387F1A-A5AA-4945-BB05-21469BC89789}.ReleaseStatic|Win32.ActiveCfg = Release|Win32
		{AE387F1A-A5AA-4945-BB05-21469BC89789}.ReleaseStatic|Win32.Build.0 = Release|Win32
		{AE387F1A-A5AA-4945-BB05-21469BC89789}.Template|Win32.ActiveCfg = Release|Win32
		{AE387F1A-A5AA-4945-BB05-21469BC89789}.Template|Win32.Build.0 = Release|Win32
		{AE387F1A-A5AA-4945-BB05-21469BC89789}.Unicode_Debug|Win32.ActiveCfg = Debug|Win32
		{AE387F1A-A5AA-4945-BB05-21469BC89789}.Unicode_Debug|Win32.Build.0 = Debug|Win32
		{AE387F1A-A5AA-4945-BB05-21469BC89789}.Unicode_Release|Win32.ActiveCfg = Release|Win32
		{AE387F1A-A5AA-4945-BB05-21469BC89789}.Unicode_Release|Win32.Build.0 = Release|Win32
		{4CD8F998-5BE3-45A9-B396-E854F999CFF7}.Debug Unicode|Win32.ActiveCfg = Debug Unicode|Win32
		{4CD8F998-5BE3-45A9-B396-E854F999CFF7}.Debug Unicode|Win32.Build.0 = Debug Unicode|Win32
		{4CD8F998-5BE3-45A9-B396-E854F999CFF7}.Debug|Win32.ActiveCfg = Debug|Win32
		{4CD8F998-5BE3-45A9-B396-E854F999CFF7}.Debug|Win32.Build.0 = Debug|Win32
		{4CD8F998-5BE3-45A9-B396-E854F999CFF7}.Release Unicode|Win32.ActiveCfg = Release Unicode|Win32
		{4CD8F998-5BE3-45A9-B396-E854F999CFF7}.Release Unicode|Win32.Build.0 = Release Unicode|Win32
		{4CD8F998-5BE3-45A9-B396-E854F999CFF7}.Release|Win32.ActiveCfg = Release|Win32
		{4CD8F998-5BE3-45A9-B396-E854F999CFF7}.Release|Win32.Build.0 = Release|Win32
		{4CD8F998-5BE3-45A9-B396-E854F999CFF7}.ReleaseStatic|Win32.ActiveCfg = ReleaseStatic|Win32
		{4CD8F998-5BE3-45A9-B396-E854F999CFF7}.ReleaseStatic|Win32.Build.0 = ReleaseStatic|Win32
		{4CD8F998-5BE3-45A9-B396-E854F999CFF7}.Template|Win32.ActiveCfg = Release Unicode|Win32
		{4CD8F998-5BE3-45A9-B396-E854F999CFF7}.Template|Win32.Build.0 = Release Unicode|Win32
		{4CD8F998-5BE3-45A9-B396-E854F999CFF7}.Unicode_Debug|Win32.ActiveCfg = Debug|Win32
		{4CD8F998-5BE3-45A9-B396-E854F999CFF7}.Unicode_Debug|Win32.Build.0 = Debug|Win32
		{4CD8F998-5BE3-45A9-B396-E854F999CFF7}.Unicode_Release|Win32.ActiveCfg = Release|Win32
		{4CD8F998-5BE3-45A9-B396-E854F999CFF7}.Unicode_Release|Win32.Build.0 = Release|Win32
		{D6CDD50A-3801-431F-988F-932B144D22DD}.Debug Unicode|Win32.ActiveCfg = Debug|Win32
		{D6CDD50A-3801-431F-988F-932B144D22DD}.Debug Unicode|Win32.Build.0 = Debug|Win32
		{D6CDD50A-3801-431F-988F-932B144D22DD}.Debug|Win32.ActiveCfg = Debug|Win32
		{D6CDD50A-3801-431F-988F-932B144D22DD}.Debug|Win32.Build.0 = Debug|Win32
		{D6CDD50A-3801-431F-988F-932B144D22DD}.Release Unicode|Win32.ActiveCfg = Release|Win32
		{D6CDD50A-3801-431F-988F-932B144D22DD}.Release Unicode|Win32.Build.0 = Release|Win32
		{D6CDD50A-3801-431F-988F-932B144D22DD}.Release|Win32.ActiveCfg = Release|Win32
		{D6CDD50A-3801-431F-988F-932B144D22DD}.Release|Win32.Build.0 = Release|Win32
		{D6CDD50A-3801-431F-988F-932B144D22DD}.ReleaseStatic|Win32.ActiveCfg = Release|Win32
		{D6CDD50A-3801-431F-988F-932B144D22DD}.ReleaseStatic|Win32.Build.0 = Release|Win32
		{D6CDD50A-3801-431F-988F-932B144D22DD}.Template|Win32.ActiveCfg = Release|Win32
		{D6CDD50A-3801-431F-988F-932B144D22DD}.Template|Win32.Build.0 = Release|Win32
		{D6CDD50A-3801-431F-988F-932B144D22DD}.Unicode_Debug|Win32.ActiveCfg = Debug|Win32
		{D6CDD50A-3801-431F-988F-932B144D22DD}.Unicode_Debug|Win32.Build.0 = Debug|Win32
		{D6CDD50A-3801-431F-988F-932B144D22DD}.Unicode_Release|Win32.ActiveCfg = Release|Win32
		{D6CDD50A-3801-431F-988F-932B144D22DD}.Unicode_Release|Win32.Build.0 = Release|Win32
		{17D5572F-8057-47B2-B59B-00EC040B8C93}.Debug Unicode|Win32.ActiveCfg = Debug|Win32
		{17D5572F-8057-47B2-B59B-00EC040B8C93}.Debug Unicode|Win32.Build.0 = Debug|Win32
		{17D5572F-8057-47B2-B59B-00EC040B8C93}.Debug|Win32.ActiveCfg = Debug|Win32
		{17D5572F-8057-47B2-B59B-00EC040B8C93}.Debug|Win32.Build.0 = Debug|Win32
		{17D5572F-8057-47B2-B59B-00EC040B8C93}.Release Unicode|Win32.ActiveCfg = Release|Win32
		{17D5572F-8057-47B2-B59B-00EC040B8C93}.Release Unicode|Win32.Build.0 = Release|Win32
		{17D5572F-8057-47B2-B59B-00EC040B8C93}.Release|Win32.ActiveCfg = Release|Win32
		{17D5572F-8057-47B2-B59B-00EC040B8C93}.Release|Win32.Build.0 = Release|Win32
		{17D5572F-8057-47B2-B59B-00EC040B8C93}.ReleaseStatic|Win32.ActiveCfg = Release|Win32
		{17D5572F-8057-47B2-B59B-00EC040B8C93}.ReleaseStatic|Win32.Build.0 = Release|Win32
		{17D5572F-8057-47B2-B59B-00EC040B8C93}.Template|Win32.ActiveCfg = Release|Win32
		{17D5572F-8057-47B2-B59B-00EC040B8C93}.Template|Win32.Build.0 = Release|Win32
		{17D5572F-8057-47B2-B59B-00EC040B8C93}.Unicode_Debug|Win32.ActiveCfg = Debug|Win32
		{17D5572F-8057-47B2-B59B-00EC040B8C93}.Unicode_Debug|Win32.Build.0 = Debug|Win32
		{17D5572F-8057-47B2-B59B-00EC040B8C93}.Unicode_Release|Win32.ActiveCfg = Release|Win32
		{17D5572F-8057-47B2-B59B-00EC040B8C93}.Unicode_Release|Win32.Build.0 = Release|Win32
		{F14A734F-316D-40D7-8889-83B316ECD8C5}.Debug Unicode|Win32.ActiveCfg = Debug|Win32
		{F14A734F-316D-40D7-8889-83B316ECD8C5}.Debug Unicode|Win32.Build.0 = Debug|Win32
		{F14A734F-316D-40D7-8889-83B316ECD8C5}.Debug|Win32.ActiveCfg = Debug|Win32
		{F14A734F-316D-40D7-8889-83B316ECD8C5}.Debug|Win32.Build.0 = Debug|Win32
		{F14A734F-316D-40D7-8889-83B316ECD8C5}.Release Unicode|Win32.ActiveCfg = Release|Win32
		{F14A734F-316D-40D7-8889-83B316ECD8C5}.Release Unicode|Win32.Build.0 = Release|Win32
		{F14A734F-316D-40D7-8889-83B316ECD8C5}.Release|Win32.ActiveCfg = Release|Win32
		{F14A734F-316D-40D7-8889-83B316ECD8C5}.Release|Win32.Build.0 = Release|Win32
		{F14A734F-316D-40D7-8889-83B316ECD8C5}.ReleaseStatic|Win32.ActiveCfg = Release|Win32
		{F14A734F-316D-40D7-8889-83B316ECD8C5}.ReleaseStatic|Win32.Build.0 = Release|Win32
		{F14A734F-316D-40D7-8889-83B316ECD8C5}.Template|Win32.ActiveCfg = Release|Win32
		{F14A734F-316D-40D7-8889-83B316ECD8C5}.Template|Win32.Build.0 = Release|Win32
		{F14A734F-316D-40D7-8889-83B316ECD8C5}.Unicode_Debug|Win32.ActiveCfg = Debug|Win32
		{F14A734F-316D-40D7-8889-83B316ECD8C5}.Unicode_Debug|Win32.Build.0 = Debug|Win32
		{F14A734F-316D-40D7-8889-83B316ECD8C5}.Unicode_Release|Win32.ActiveCfg = Release|Win32
		{F14A734F-316D-40D7-8889-83B316ECD8C5}.Unicode_Release|Win32.Build.0 = Release|Win32
		{5C1C6F22-7F38-438E-8D0D-A83CA0FD4746}.Debug Unicode|Win32.ActiveCfg = Debug|Win32
		{5C1C6F22-7F38-438E-8D0D-A83CA0FD4746}.Debug Unicode|Win32.Build.0 = Debug|Win32
		{5C1C6F22-7F38-438E-8D0D-A83CA0FD4746}.Debug|Win32.ActiveCfg = Debug|Win32
		{5C1C6F22-7F38-438E-8D0D-A83CA0FD4746}.Debug|Win32.Build.0 = Debug|Win32
		{5C1C6F22-7F38-438E-8D0D-A83CA0FD4746}.Release Unicode|Win32.ActiveCfg = Release|Win32
		{5C1C6F22-7F38-438E-8D0D-A83CA0FD4746}.Release Unicode|Win32.Build.0 = Release|Win32
		{5C1C6F22-7F38-438E-8D0D-A83CA0FD4746}.Release|Win32.ActiveCfg = Release|Win32
		{5C1C6F22-7F38-438E-8D0D-A83CA0FD4746}.Release|Win32.Build.0 = Release|Win32
		{5C1C6F22-7F38-438E-8D0D-A83CA0FD4746}.ReleaseStatic|Win32.ActiveCfg = Release|Win32
		{5C1C6F22-7F38-438E-8D0D-A83CA0FD4746}.ReleaseStatic|Win32.Build.0 = Release|Win32
		{5C1C6F22-7F38-438E-8D0D-A83CA0FD4746}.Template|Win32.ActiveCfg = Release|Win32
		{5C1C6F22-7F38-438E-8D0D-A83CA0FD4746}.Template|Win32.Build.0 = Release|Win32
		{5C1C6F22-7F38-438E-8D0D-A83CA0FD4746}.Unicode_Debug|Win32.ActiveCfg = Debug|Win32
		{5C1C6F22-7F38-438E-8D0D-A83CA0FD4746}.Unicode_Debug|Win32.Build.0 = Debug|Win32
		{5C1C6F22-7F38-438E-8D0D-A83CA0FD4746}.Unicode_Release|Win32.ActiveCfg = Release|Win32
		{5C1C6F22-7F38-438E-8D0D-A83CA0FD4746}.Unicode_Release|Win32.Build.0 = Release|Win32
		{DBB843AF-BB5B-4881-A2F2-D5E5989222C7}.Debug Unicode|Win32.ActiveCfg = Debug|Win32
		{DBB843AF-BB5B-4881-A2F2-D5E5989222C7}.Debug Unicode|Win32.Build.0 = Debug|Win32
		{DBB843AF-BB5B-4881-A2F2-D5E5989222C7}.Debug|Win32.ActiveCfg = Debug|Win32
		{DBB843AF-BB5B-4881-A2F2-D5E5989222C7}.Debug|Win32.Build.0 = Debug|Win32
		{DBB843AF-BB5B-4881-A2F2-D5E5989222C7}.Release Unicode|Win32.ActiveCfg = Release|Win32
		{DBB843AF-BB5B-4881-A2F2-D5E5989222C7}.Release Unicode|Win32.Build.0 = Release|Win32
		{DBB843AF-BB5B-4881-A2F2-D5E5989222C7}.Release|Win32.ActiveCfg = Release|Win32
		{DBB843AF-BB5B-4881-A2F2-D5E5989222C7}.Release|Win32.Build.0 = Release|Win32
		{DBB843AF-BB5B-4881-A2F2-D5E5989222C7}.ReleaseStatic|Win32.ActiveCfg = Release|Win32
		{DBB843AF-BB5B-4881-A2F2-D5E5989222C7}.ReleaseStatic|Win32.Build.0 = Release|Win32
		{DBB843AF-BB5B-4881-A2F2-D5E5989222C7}.Template|Win32.ActiveCfg = Release|Win32
		{DBB843AF-BB5B-4881-A2F2-D5E5989222C7}.Template|Win32.Build.0 = Release|Win32
		{DBB843AF-BB5B-4881-A2F2-D5E5989222C7}.Unicode_Debug|Win32.ActiveCfg = Debug|Win32
		{DBB843AF-BB5B-4881-A2F2-D5E5989222C7}.Unicode_Debug|Win32.Build.0 = Debug|Win32
		{DBB843AF-BB5B-4881-A2F2-D5E5989222C7}.Unicode_Release|Win32.ActiveCfg = Release|Win32
		{DBB843AF-BB5B-4881-A2F2-D5E5989222C7}.Unicode_Release|Win32.Build.0 = Release|Win32
		{BA56AFD8-EAA6-49CF-8A90-D78727556841}.Debug Unicode|Win32.ActiveCfg = Debug|Win32
		{BA56AFD8-EAA6-49CF-8A90-D78727556841}.Debug Unicode|Win32.Build.0 = Debug|Win32
		{BA56AFD8-EAA6-49CF-8A90-D78727556841}.Debug|Win32.ActiveCfg = Debug|Win32
		{BA56AFD8-EAA6-49CF-8A90-D78727556841}.Debug|Win32.Build.0 = Debug|Win32
		{BA56AFD8-EAA6-49CF-8A90-D78727556841}.Release Unicode|Win32.ActiveCfg = Release|Win32
		{BA56AFD8-EAA6-49CF-8A90-D78727556841}.Release Unicode|Win32.Build.0 = Release|Win32
		{BA56AFD8-EAA6-49CF-8A90-D78727556841}.Release|Win32.ActiveCfg = Release|Win32
		{BA56AFD8-EAA6-49CF-8A90-D78727556841}.Release|Win32.Build.0 = Release|Win32
		{BA56AFD8-EAA6-49CF-8A90-D78727556841}.ReleaseStatic|Win32.ActiveCfg = Release|Win32
		{BA56AFD8-EAA6-49CF-8A90-D78727556841}.ReleaseStatic|Win32.Build.0 = Release|Win32
		{BA56AFD8-EAA6-49CF-8A90-D78727556841}.Template|Win32.ActiveCfg = Release|Win32
		{BA56AFD8-EAA6-49CF-8A90-D78727556841}.Template|Win32.Build.0 = Release|Win32
		{BA56AFD8-EAA6-49CF-8A90-D78727556841}.Unicode_Debug|Win32.ActiveCfg = Debug|Win32
		{BA56AFD8-EAA6-49CF-8A90-D78727556841}.Unicode_Debug|Win32.Build.0 = Debug|Win32
		{BA56AFD8-EAA6-49CF-8A90-D78727556841}.Unicode_Release|Win32.ActiveCfg = Release|Win32
		{BA56AFD8-EAA6-49CF-8A90-D78727556841}.Unicode_Release|Win32.Build.0 = Release|Win32
		{59396B53-281B-4576-A44E-33D345B492F4}.Debug Unicode|Win32.ActiveCfg = Debug|Win32
		{59396B53-281B-4576-A44E-33D345B492F4}.Debug Unicode|Win32.Build.0 = Debug|Win32
		{59396B53-281B-4576-A44E-33D345B492F4}.Debug|Win32.ActiveCfg = Debug|Win32
		{59396B53-281B-4576-A44E-33D345B492F4}.Debug|Win32.Build.0 = Debug|Win32
		{59396B53-281B-4576-A44E-33D345B492F4}.Release Unicode|Win32.ActiveCfg = Release|Win32
		{59396B53-281B-4576-A44E-33D345B492F4}.Release Unicode|Win32.Build.0 = Release|Win32
		{59396B53-281B-4576-A44E-33D345B492F4}.Release|Win32.ActiveCfg = Release|Win32
		{59396B53-281B-4576-A44E-33D345B492F4}.Release|Win32.Build.0 = Release|Win32
		{59396B53-281B-4576-A44E-33D345B492F4}.ReleaseStatic|Win32.ActiveCfg = Release|Win32
		{59396B53-281B-4576-A44E-33D345B492F4}.ReleaseStatic|Win32.Build.0 = Release|Win32
		{59396B53-281B-4576-A44E-33D345B492F4}.Template|Win32.ActiveCfg = Release|Win32
		{59396B53-281B-4576-A44E-33D345B492F4}.Template|Win32.Build.0 = Release|Win32
		{59396B53-281B-4576-A44E-33D345B492F4}.Unicode_Debug|Win32.ActiveCfg = Debug|Win32
		{59396B53-281B-4576-A44E-33D345B492F4}.Unicode_Debug|Win32.Build.0 = Debug|Win32
		{59396B53-281B-4576-A44E-33D345B492F4}.Unicode_Release|Win32.ActiveCfg = Release|Win32
		{59396B53-281B-4576-A44E-33D345B492F4}.Unicode_Release|Win32.Build.0 = Release|Win32
		{B7A61C83-02EA-4584-8FB7-6F8B0650658E}.Debug Unicode|Win32.ActiveCfg = Debug|Win32
		{B7A61C83-02EA-4584-8FB7-6F8B0650658E}.Debug Unicode|Win32.Build.0 = Debug|Win32
		{B7A61C83-02EA-4584-8FB7-6F8B0650658E}.Debug|Win32.ActiveCfg = Debug|Win32
		{B7A61C83-02EA-4584-8FB7-6F8B0650658E}.Debug|Win32.Build.0 = Debug|Win32
		{B7A61C83-02EA-4584-8FB7-6F8B0650658E}.Release Unicode|Win32.ActiveCfg = Release|Win32
		{B7A61C83-02EA-4584-8FB7-6F8B0650658E}.Release Unicode|Win32.Build.0 = Release|Win32
		{B7A61C83-02EA-4584-8FB7-6F8B0650658E}.Release|Win32.ActiveCfg = Release|Win32
		{B7A61C83-02EA-4584-8FB7-6F8B0650658E}.Release|Win32.Build.0 = Release|Win32
		{B7A61C83-02EA-4584-8FB7-6F8B0650658E}.ReleaseStatic|Win32.ActiveCfg = Release|Win32
		{B7A61C83-02EA-4584-8FB7-6F8B0650658E}.ReleaseStatic|Win32.Build.0 = Release|Win32
		{B7A61C83-02EA-4584-8FB7-6F8B0650658E}.Template|Win32.ActiveCfg = Release|Win32
		{B7A61C83-02EA-4584-8FB7-6F8B0650658E}.Template|Win32.Build.0 = Release|Win32
		{B7A61C83-02EA-4584-8FB7-6F8B0650658E}.Unicode_Debug|Win32.ActiveCfg = Debug|Win32
		{B7A61C83-02EA-4584-8FB7-6F8B0650658E}.Unicode_Debug|Win32.Build.0 = Debug|Win32
		{B7A61C83-02EA-4584-8FB7-6F8B0650658E}.Unicode_Release|Win32.ActiveCfg = Release|Win32
		{B7A61C83-02EA-4584-8FB7-6F8B0650658E}.Unicode_Release|Win32.Build.0 = Release|Win32
		{06885C24-7E69-4580-9CC1-A7F4DFE81CBD}.Debug Unicode|Win32.ActiveCfg = Debug|Win32
		{06885C24-7E69-4580-9CC1-A7F4DFE81CBD}.Debug Unicode|Win32.Build.0 = Debug|Win32
		{06885C24-7E69-4580-9CC1-A7F4DFE81CBD}.Debug|Win32.ActiveCfg = Debug|Win32
		{06885C24-7E69-4580-9CC1-A7F4DFE81CBD}.Debug|Win32.Build.0 = Debug|Win32
		{06885C24-7E69-4580-9CC1-A7F4DFE81CBD}.Release Unicode|Win32.ActiveCfg = Release|Win32
		{06885C24-7E69-4580-9CC1-A7F4DFE81CBD}.Release Unicode|Win32.Build.0 = Release|Win32
		{06885C24-7E69-4580-9CC1-A7F4DFE81CBD}.Release|Win32.ActiveCfg = Release|Win32
		{06885C24-7E69-4580-9CC1-A7F4DFE81CBD}.Release|Win32.Build.0 = Release|Win32
		{06885C24-7E69-4580-9CC1-A7F4DFE81CBD}.ReleaseStatic|Win32.ActiveCfg = Release|Win32
		{06885C24-7E69-4580-9CC1-A7F4DFE81CBD}.ReleaseStatic|Win32.Build.0 = Release|Win32
		{06885C24-7E69-4580-9CC1-A7F4DFE81CBD}.Template|Win32.ActiveCfg = Release|Win32
		{06885C24-7E69-4580-9CC1-A7F4DFE81CBD}.Template|Win32.Build.0 = Release|Win32
		{06885C24-7E69-4580-9CC1-A7F4DFE81CBD}.Unicode_Debug|Win32.ActiveCfg = Debug|Win32
		{06885C24-7E69-4580-9CC1-A7F4DFE81CBD}.Unicode_Debug|Win32.Build.0 = Debug|Win32
		{06885C24-7E69-4580-9CC1-A7F4DFE81CBD}.Unicode_Release|Win32.ActiveCfg = Release|Win32
		{06885C24-7E69-4580-9CC1-A7F4DFE81CBD}.Unicode_Release|Win32.Build.0 = Release|Win32
		{2BAADDEC-F2C3-42E1-B61F-742E0295B567}.Debug Unicode|Win32.ActiveCfg = Debug|Win32
		{2BAADDEC-F2C3-42E1-B61F-742E0295B567}.Debug Unicode|Win32.Build.0 = Debug|Win32
		{2BAADDEC-F2C3-42E1-B61F-742E0295B567}.Debug|Win32.ActiveCfg = Debug|Win32
		{2BAADDEC-F2C3-42E1-B61F-742E0295B567}.Debug|Win32.Build.0 = Debug|Win32
		{2BAADDEC-F2C3-42E1-B61F-742E0295B567}.Release Unicode|Win32.ActiveCfg = Release|Win32
		{2BAADDEC-F2C3-42E1-B61F-742E0295B567}.Release Unicode|Win32.Build.0 = Release|Win32
		{2BAADDEC-F2C3-42E1-B61F-742E0295B567}.Release|Win32.ActiveCfg = Release|Win32
		{2BAADDEC-F2C3-42E1-B61F-742E0295B567}.Release|Win32.Build.0 = Release|Win32
		{2BAADDEC-F2C3-42E1-B61F-742E0295B567}.ReleaseStatic|Win32.ActiveCfg = Release|Win32
		{2BAADDEC-F2C3-42E1-B61F-742E0295B567}.ReleaseStatic|Win32.Build.0 = Release|Win32
		{2BAADDEC-F2C3-42E1-B61F-742E0295B567}.Template|Win32.ActiveCfg = Release|Win32
		{2BAADDEC-F2C3-42E1-B61F-742E0295B567}.Template|Win32.Build.0 = Release|Win32
		{2BAADDEC-F2C3-42E1-B61F-742E0295B567}.Unicode_Debug|Win32.ActiveCfg = Debug|Win32
		{2BAADDEC-F2C3-42E1-B61F-742E0295B567}.Unicode_Debug|Win32.Build.0 = Debug|Win32
		{2BAADDEC-F2C3-42E1-B61F-742E0295B567}.Unicode_Release|Win32.ActiveCfg = Release|Win32
		{2BAADDEC-F2C3-42E1-B61F-742E0295B567}.Unicode_Release|Win32.Build.0 = Release|Win32
		{B6A28C1C-5AEF-4DCC-A7AE-16E01F52465E}.Debug Unicode|Win32.ActiveCfg = Debug|Win32
		{B6A28C1C-5AEF-4DCC-A7AE-16E01F52465E}.Debug Unicode|Win32.Build.0 = Debug|Win32
		{B6A28C1C-5AEF-4DCC-A7AE-16E01F52465E}.Debug|Win32.ActiveCfg = Debug|Win32
		{B6A28C1C-5AEF-4DCC-A7AE-16E01F52465E}.Debug|Win32.Build.0 = Debug|Win32
		{B6A28C1C-5AEF-4DCC-A7AE-16E01F52465E}.Release Unicode|Win32.ActiveCfg = Release|Win32
		{B6A28C1C-5AEF-4DCC-A7AE-16E01F52465E}.Release Unicode|Win32.Build.0 = Release|Win32
		{B6A28C1C-5AEF-4DCC-A7AE-16E01F52465E}.Release|Win32.ActiveCfg = Release|Win32
		{B6A28C1C-5AEF-4DCC-A7AE-16E01F52465E}.Release|Win32.Build.0 = Release|Win32
		{B6A28C1C-5AEF-4DCC-A7AE-16E01F52465E}.ReleaseStatic|Win32.ActiveCfg = Release|Win32
		{B6A28C1C-5AEF-4DCC-A7AE-16E01F52465E}.ReleaseStatic|Win32.Build.0 = Release|Win32
		{B6A28C1C-5AEF-4DCC-A7AE-16E01F52465E}.Template|Win32.ActiveCfg = Release|Win32
		{B6A28C1C-5AEF-4DCC-A7AE-16E01F52465E}.Template|Win32.Build.0 = Release|Win32
		{B6A28C1C-5AEF-4DCC-A7AE-16E01F52465E}.Unicode_Debug|Win32.ActiveCfg = Debug|Win32
		{B6A28C1C-5AEF-4DCC-A7AE-16E01F52465E}.Unicode_Debug|Win32.Build.0 = Debug|Win32
		{B6A28C1C-5AEF-4DCC-A7AE-16E01F52465E}.Unicode_Release|Win32.ActiveCfg = Release|Win32
		{B6A28C1C-5AEF-4DCC-A7AE-16E01F52465E}.Unicode_Release|Win32.Build.0 = Release|Win32
		{5970F89C-03A4-4FB4-84F6-9C5A30913EE9}.Debug Unicode|Win32.ActiveCfg = Debug|Win32
		{5970F89C-03A4-4FB4-84F6-9C5A30913EE9}.Debug Unicode|Win32.Build.0 = Debug|Win32
		{5970F89C-03A4-4FB4-84F6-9C5A30913EE9}.Debug|Win32.ActiveCfg = Debug|Win32
		{5970F89C-03A4-4FB4-84F6-9C5A30913EE9}.Debug|Win32.Build.0 = Debug|Win32
		{5970F89C-03A4-4FB4-84F6-9C5A30913EE9}.Release Unicode|Win32.ActiveCfg = Release|Win32
		{5970F89C-03A4-4FB4-84F6-9C5A30913EE9}.Release Unicode|Win32.Build.0 = Release|Win32
		{5970F89C-03A4-4FB4-84F6-9C5A30913EE9}.Release|Win32.ActiveCfg = Release|Win32
		{5970F89C-03A4-4FB4-84F6-9C5A30913EE9}.Release|Win32.Build.0 = Release|Win32
		{5970F89C-03A4-4FB4-84F6-9C5A30913EE9}.ReleaseStatic|Win32.ActiveCfg = Release|Win32
		{5970F89C-03A4-4FB4-84F6-9C5A30913EE9}.ReleaseStatic|Win32.Build.0 = Release|Win32
		{5970F89C-03A4-4FB4-84F6-9C5A30913EE9}.Template|Win32.ActiveCfg = Release|Win32
		{5970F89C-03A4-4FB4-84F6-9C5A30913EE9}.Template|Win32.Build.0 = Release|Win32
		{5970F89C-03A4-4FB4-84F6-9C5A30913EE9}.Unicode_Debug|Win32.ActiveCfg = Debug|Win32
		{5970F89C-03A4-4FB4-84F6-9C5A30913EE9}.Unicode_Debug|Win32.Build.0 = Debug|Win32
		{5970F89C-03A4-4FB4-84F6-9C5A30913EE9}.Unicode_Release|Win32.ActiveCfg = Release|Win32
		{5970F89C-03A4-4FB4-84F6-9C5A30913EE9}.Unicode_Release|Win32.Build.0 = Release|Win32
		{0D07159B-214A-41EA-921F-E0AA609780EB}.Debug Unicode|Win32.ActiveCfg = Debug|Win32
		{0D07159B-214A-41EA-921F-E0AA609780EB}.Debug Unicode|Win32.Build.0 = Debug|Win32
		{0D07159B-214A-41EA-921F-E0AA609780EB}.Debug|Win32.ActiveCfg = Debug|Win32
		{0D07159B-214A-41EA-921F-E0AA609780EB}.Debug|Win32.Build.0 = Debug|Win32
		{0D07159B-214A-41EA-921F-E0AA609780EB}.Release Unicode|Win32.ActiveCfg = Release|Win32
		{0D07159B-214A-41EA-921F-E0AA609780EB}.Release Unicode|Win32.Build.0 = Release|Win32
		{0D07159B-214A-41EA-921F-E0AA609780EB}.Release|Win32.ActiveCfg = Release|Win32
		{0D07159B-214A-41EA-921F-E0AA609780EB}.Release|Win32.Build.0 = Release|Win32
		{0D07159B-214A-41EA-921F-E0AA609780EB}.ReleaseStatic|Win32.ActiveCfg = Release|Win32
		{0D07159B-214A-41EA-921F-E0AA609780EB}.ReleaseStatic|Win32.Build.0 = Release|Win32
		{0D07159B-214A-41EA-921F-E0AA609780EB}.Template|Win32.ActiveCfg = Release|Win32
		{0D07159B-214A-41EA-921F-E0AA609780EB}.Template|Win32.Build.0 = Release|Win32
		{0D07159B-214A-41EA-921F-E0AA609780EB}.Unicode_Debug|Win32.ActiveCfg = Debug|Win32
		{0D07159B-214A-41EA-921F-E0AA609780EB}.Unicode_Debug|Win32.Build.0 = Debug|Win32
		{0D07159B-214A-41EA-921F-E0AA609780EB}.Unicode_Release|Win32.ActiveCfg = Release|Win32
		{0D07159B-214A-41EA-921F-E0AA609780EB}.Unicode_Release|Win32.Build.0 = Release|Win32
		{B6145223-27A4-4E47-8816-4B5C972606C8}.Debug Unicode|Win32.ActiveCfg = Debug|Win32
		{B6145223-27A4-4E47-8816-4B5C972606C8}.Debug Unicode|Win32.Build.0 = Debug|Win32
		{B6145223-27A4-4E47-8816-4B5C972606C8}.Debug|Win32.ActiveCfg = Debug|Win32
		{B6145223-27A4-4E47-8816-4B5C972606C8}.Debug|Win32.Build.0 = Debug|Win32
		{B6145223-27A4-4E47-8816-4B5C972606C8}.Release Unicode|Win32.ActiveCfg = Release|Win32
		{B6145223-27A4-4E47-8816-4B5C972606C8}.Release Unicode|Win32.Build.0 = Release|Win32
		{B6145223-27A4-4E47-8816-4B5C972606C8}.Release|Win32.ActiveCfg = Release|Win32
		{B6145223-27A4-4E47-8816-4B5C972606C8}.Release|Win32.Build.0 = Release|Win32
		{B6145223-27A4-4E47-8816-4B5C972606C8}.ReleaseStatic|Win32.ActiveCfg = Release|Win32
		{B6145223-27A4-4E47-8816-4B5C972606C8}.ReleaseStatic|Win32.Build.0 = Release|Win32
		{B6145223-27A4-4E47-8816-4B5C972606C8}.Template|Win32.ActiveCfg = Release|Win32
		{B6145223-27A4-4E47-8816-4B5C972606C8}.Template|Win32.Build.0 = Release|Win32
		{B6145223-27A4-4E47-8816-4B5C972606C8}.Unicode_Debug|Win32.ActiveCfg = Debug|Win32
		{B6145223-27A4-4E47-8816-4B5C972606C8}.Unicode_Debug|Win32.Build.0 = Debug|Win32
		{B6145223-27A4-4E47-8816-4B5C972606C8}.Unicode_Release|Win32.ActiveCfg = Release|Win32
		{B6145223-27A4-4E47-8816-4B5C972606C8}.Unicode_Release|Win32.Build.0 = Release|Win32
		{75B7A0A6-30B5-41A3-AA8E-3A7A8352C3DA}.Debug Unicode|Win32.ActiveCfg = Debug|Win32
		{75B7A0A6-30B5-41A3-AA8E-3A7A8352C3DA}.Debug Unicode|Win32.Build.0 = Debug|Win32
		{75B7A0A6-30B5-41A3-AA8E-3A7A8352C3DA}.Debug|Win32.ActiveCfg = Debug|Win32
		{75B7A0A6-30B5-41A3-AA8E-3A7A8352C3DA}.Debug|Win32.Build.0 = Debug|Win32
		{75B7A0A6-30B5-41A3-AA8E-3A7A8352C3DA}.Release Unicode|Win32.ActiveCfg = Release|Win32
		{75B7A0A6-30B5-41A3-AA8E-3A7A8352C3DA}.Release Unicode|Win32.Build.0 = Release|Win32
		{75B7A0A6-30B5-41A3-AA8E-3A7A8352C3DA}.Release|Win32.ActiveCfg = Release|Win32
		{75B7A0A6-30B5-41A3-AA8E-3A7A8352C3DA}.Release|Win32.Build.0 = Release|Win32
		{75B7A0A6-30B5-41A3-AA8E-3A7A8352C3DA}.ReleaseStatic|Win32.ActiveCfg = Release|Win32
		{75B7A0A6-30B5-41A3-AA8E-3A7A8352C3DA}.ReleaseStatic|Win32.Build.0 = Release|Win32
		{75B7A0A6-30B5-41A3-AA8E-3A7A8352C3DA}.Template|Win32.ActiveCfg = Release|Win32
		{75B7A0A6-30B5-41A3-AA8E-3A7A8352C3DA}.Template|Win32.Build.0 = Release|Win32
		{75B7A0A6-30B5-41A3-AA8E-3A7A8352C3DA}.Unicode_Debug|Win32.ActiveCfg = Debug|Win32
		{75B7A0A6-30B5-41A3-AA8E-3A7A8352C3DA}.Unicode_Debug|Win32.Build.0 = Debug|Win32
		{75B7A0A6-30B5-41A3-AA8E-3A7A8352C3DA}.Unicode_Release|Win32.ActiveCfg = Release|Win32
		{75B7A0A6-30B5-41A3-AA8E-3A7A8352C3DA}.Unicode_Release|Win32.Build.0 = Release|Win32
		{A7A6D54B-9177-4F65-9873-23D70B69CDEC}.Debug Unicode|Win32.ActiveCfg = Debug|Win32
		{A7A6D54B-9177-4F65-9873-23D70B69CDEC}.Debug Unicode|Win32.Build.0 = Debug|Win32
		{A7A6D54B-9177-4F65-9873-23D70B69CDEC}.Debug|Win32.ActiveCfg = Debug|Win32
		{A7A6D54B-9177-4F65-9873-23D70B69CDEC}.Debug|Win32.Build.0 = Debug|Win32
		{A7A6D54B-9177-4F65-9873-23D70B69CDEC}.Release Unicode|Win32.ActiveCfg = Release|Win32
		{A7A6D54B-9177-4F65-9873-23D70B69CDEC}.Release Unicode|Win32.Build.0 = Release|Win32
		{A7A6D54B-9177-4F65-9873-23D70B69CDEC}.Release|Win32.ActiveCfg = Release|Win32
		{A7A6D54B-9177-4F65-9873-23D70B69CDEC}.Release|Win32.Build.0 = Release|Win32
		{A7A6D54B-9177-4F65-9873-23D70B69CDEC}.ReleaseStatic|Win32.ActiveCfg = Release|Win32
		{A7A6D54B-9177-4F65-9873-23D70B69CDEC}.ReleaseStatic|Win32.Build.0 = Release|Win32
		{A7A6D54B-9177-4F65-9873-23D70B69CDEC}.Template|Win32.ActiveCfg = Release|Win32
		{A7A6D54B-9177-4F65-9873-23D70B69CDEC}.Template|Win32.Build.0 = Release|Win32
		{A7A6D54B-9177-4F65-9873-23D70B69CDEC}.Unicode_Debug|Win32.ActiveCfg = Debug|Win32
		{A7A6D54B-9177-4F65-9873-23D70B69CDEC}.Unicode_Debug|Win32.Build.0 = Debug|Win32
		{A7A6D54B-9177-4F65-9873-23D70B69CDEC}.Unicode_Release|Win32.ActiveCfg = Release|Win32
		{A7A6D54B-9177-4F65-9873-23D70B69CDEC}.Unicode_Release|Win32.Build.0 = Release|Win32
		{BDEC2819-9450-4C90-AFB7-910CCF1F20A5}.Debug Unicode|Win32.ActiveCfg = Debug|Win32
		{BDEC2819-9450-4C90-AFB7-910CCF1F20A5}.Debug Unicode|Win32.Build.0 = Debug|Win32
		{BDEC2819-9450-4C90-AFB7-910CCF1F20A5}.Debug|Win32.ActiveCfg = Debug|Win32
		{BDEC2819-9450-4C90-AFB7-910CCF1F20A5}.Debug|Win32.Build.0 = Debug|Win32
		{BDEC2819-9450-4C90-AFB7-910CCF1F20A5}.Release Unicode|Win32.ActiveCfg = Release|Win32
		{BDEC2819-9450-4C90-AFB7-910CCF1F20A5}.Release Unicode|Win32.Build.0 = Release|Win32
		{BDEC2819-9450-4C90-AFB7-910CCF1F20A5}.Release|Win32.ActiveCfg = Release|Win32
		{BDEC2819-9450-4C90-AFB7-910CCF1F20A5}.Release|Win32.Build.0 = Release|Win32
		{BDEC2819-9450-4C90-AFB7-910CCF1F20A5}.ReleaseStatic|Win32.ActiveCfg = Release|Win32
		{BDEC2819-9450-4C90-AFB7-910CCF1F20A5}.ReleaseStatic|Win32.Build.0 = Release|Win32
		{BDEC2819-9450-4C90-AFB7-910CCF1F20A5}.Template|Win32.ActiveCfg = Release|Win32
		{BDEC2819-9450-4C90-AFB7-910CCF1F20A5}.Template|Win32.Build.0 = Release|Win32
		{BDEC2819-9450-4C90-AFB7-910CCF1F20A5}.Unicode_Debug|Win32.ActiveCfg = Debug|Win32
		{BDEC2819-9450-4C90-AFB7-910CCF1F20A5}.Unicode_Debug|Win32.Build.0 = Debug|Win32
		{BDEC2819-9450-4C90-AFB7-910CCF1F20A5}.Unicode_Release|Win32.ActiveCfg = Release|Win32
		{BDEC2819-9450-4C90-AFB7-910CCF1F20A5}.Unicode_Release|Win32.Build.0 = Release|Win32
		{24A29A16-7E50-4C51-8208-FC2FBF2657FC}.Debug Unicode|Win32.ActiveCfg = Debug|Win32
		{24A29A16-7E50-4C51-8208-FC2FBF2657FC}.Debug Unicode|Win32.Build.0 = Debug|Win32
		{24A29A16-7E50-4C51-8208-FC2FBF2657FC}.Debug|Win32.ActiveCfg = Debug|Win32
		{24A29A16-7E50-4C51-8208-FC2FBF2657FC}.Debug|Win32.Build.0 = Debug|Win32
		{24A29A16-7E50-4C51-8208-FC2FBF2657FC}.Release Unicode|Win32.ActiveCfg = Release|Win32
		{24A29A16-7E50-4C51-8208-FC2FBF2657FC}.Release Unicode|Win32.Build.0 = Release|Win32
		{24A29A16-7E50-4C51-8208-FC2FBF2657FC}.Release|Win32.ActiveCfg = Release|Win32
		{24A29A16-7E50-4C51-8208-FC2FBF2657FC}.Release|Win32.Build.0 = Release|Win32
		{24A29A16-7E50-4C51-8208-FC2FBF2657FC}.ReleaseStatic|Win32.ActiveCfg = Release|Win32
		{24A29A16-7E50-4C51-8208-FC2FBF2657FC}.ReleaseStatic|Win32.Build.0 = Release|Win32
		{24A29A16-7E50-4C51-8208-FC2FBF2657FC}.Template|Win32.ActiveCfg = Release|Win32
		{24A29A16-7E50-4C51-8208-FC2FBF2657FC}.Template|Win32.Build.0 = Release|Win32
		{24A29A16-7E50-4C51-8208-FC2FBF2657FC}.Unicode_Debug|Win32.ActiveCfg = Debug|Win32
		{24A29A16-7E50-4C51-8208-FC2FBF2657FC}.Unicode_Debug|Win32.Build.0 = Debug|Win32
		{24A29A16-7E50-4C51-8208-FC2FBF2657FC}.Unicode_Release|Win32.ActiveCfg = Release|Win32
		{24A29A16-7E50-4C51-8208-FC2FBF2657FC}.Unicode_Release|Win32.Build.0 = Release|Win32
		{D0ACA23C-F2CE-4F23-8322-94F2EB565BE3}.Debug Unicode|Win32.ActiveCfg = Debug|Win32
		{D0ACA23C-F2CE-4F23-8322-94F2EB565BE3}.Debug Unicode|Win32.Build.0 = Debug|Win32
		{D0ACA23C-F2CE-4F23-8322-94F2EB565BE3}.Debug|Win32.ActiveCfg = Debug|Win32
		{D0ACA23C-F2CE-4F23-8322-94F2EB565BE3}.Debug|Win32.Build.0 = Debug|Win32
		{D0ACA23C-F2CE-4F23-8322-94F2EB565BE3}.Release Unicode|Win32.ActiveCfg = Release|Win32
		{D0ACA23C-F2CE-4F23-8322-94F2EB565BE3}.Release Unicode|Win32.Build.0 = Release|Win32
		{D0ACA23C-F2CE-4F23-8322-94F2EB565BE3}.Release|Win32.ActiveCfg = Release|Win32
		{D0ACA23C-F2CE-4F23-8322-94F2EB565BE3}.Release|Win32.Build.0 = Release|Win32
		{D0ACA23C-F2CE-4F23-8322-94F2EB565BE3}.ReleaseStatic|Win32.ActiveCfg = Release|Win32
		{D0ACA23C-F2CE-4F23-8322-94F2EB565BE3}.ReleaseStatic|Win32.Build.0 = Release|Win32
		{D0ACA23C-F2CE-4F23-8322-94F2EB565BE3}.Template|Win32.ActiveCfg = Release|Win32
		{D0ACA23C-F2CE-4F23-8322-94F2EB565BE3}.Template|Win32.Build.0 = Release|Win32
		{D0ACA23C-F2CE-4F23-8322-94F2EB565BE3}.Unicode_Debug|Win32.ActiveCfg = Debug|Win32
		{D0ACA23C-F2CE-4F23-8322-94F2EB565BE3}.Unicode_Debug|Win32.Build.0 = Debug|Win32
		{D0ACA23C-F2CE-4F23-8322-94F2EB565BE3}.Unicode_Release|Win32.ActiveCfg = Release|Win32
		{D0ACA23C-F2CE-4F23-8322-94F2EB565BE3}.Unicode_Release|Win32.Build.0 = Release|Win32
		{36F0D1E5-AEE7-4098-A7F5-16792AB4C4D0}.Debug Unicode|Win32.ActiveCfg = Debug|Win32
		{36F0D1E5-AEE7-4098-A7F5-16792AB4C4D0}.Debug Unicode|Win32.Build.0 = Debug|Win32
		{36F0D1E5-AEE7-4098-A7F5-16792AB4C4D0}.Debug|Win32.ActiveCfg = Debug|Win32
		{36F0D1E5-AEE7-4098-A7F5-16792AB4C4D0}.Debug|Win32.Build.0 = Debug|Win32
		{36F0D1E5-AEE7-4098-A7F5-16792AB4C4D0}.Release Unicode|Win32.ActiveCfg = Release|Win32
		{36F0D1E5-AEE7-4098-A7F5-16792AB4C4D0}.Release Unicode|Win32.Build.0 = Release|Win32
		{36F0D1E5-AEE7-4098-A7F5-16792AB4C4D0}.Release|Win32.ActiveCfg = Release|Win32
		{36F0D1E5-AEE7-4098-A7F5-16792AB4C4D0}.Release|Win32.Build.0 = Release|Win32
		{36F0D1E5-AEE7-4098-A7F5-16792AB4C4D0}.ReleaseStatic|Win32.ActiveCfg = Release|Win32
		{36F0D1E5-AEE7-4098-A7F5-16792AB4C4D0}.ReleaseStatic|Win32.Build.0 = Release|Win32
		{36F0D1E5-AEE7-4098-A7F5-16792AB4C4D0}.Template|Win32.ActiveCfg = Release|Win32
		{36F0D1E5-AEE7-4098-A7F5-16792AB4C4D0}.Template|Win32.Build.0 = Release|Win32
		{36F0D1E5-AEE7-4098-A7F5-16792AB4C4D0}.Unicode_Debug|Win32.ActiveCfg = Debug|Win32
		{36F0D1E5-AEE7-4098-A7F5-16792AB4C4D0}.Unicode_Debug|Win32.Build.0 = Debug|Win32
		{36F0D1E5-AEE7-4098-A7F5-16792AB4C4D0}.Unicode_Release|Win32.ActiveCfg = Release|Win32
		{36F0D1E5-AEE7-4098-A7F5-16792AB4C4D0}.Unicode_Release|Win32.Build.0 = Release|Win32
		{CAF1F257-D57A-48D0-8EF0-940EBF2EBBC3}.Debug Unicode|Win32.ActiveCfg = Debug|Win32
		{CAF1F257-D57A-48D0-8EF0-940EBF2EBBC3}.Debug Unicode|Win32.Build.0 = Debug|Win32
		{CAF1F257-D57A-48D0-8EF0-940EBF2EBBC3}.Debug|Win32.ActiveCfg = Debug|Win32
		{CAF1F257-D57A-48D0-8EF0-940EBF2EBBC3}.Debug|Win32.Build.0 = Debug|Win32
		{CAF1F257-D57A-48D0-8EF0-940EBF2EBBC3}.Release Unicode|Win32.ActiveCfg = Release|Win32
		{CAF1F257-D57A-48D0-8EF0-940EBF2EBBC3}.Release Unicode|Win32.Build.0 = Release|Win32
		{CAF1F257-D57A-48D0-8EF0-940EBF2EBBC3}.Release|Win32.ActiveCfg = Release|Win32
		{CAF1F257-D57A-48D0-8EF0-940EBF2EBBC3}.Release|Win32.Build.0 = Release|Win32
		{CAF1F257-D57A-48D0-8EF0-940EBF2EBBC3}.ReleaseStatic|Win32.ActiveCfg = Release|Win32
		{CAF1F257-D57A-48D0-8EF0-940EBF2EBBC3}.ReleaseStatic|Win32.Build.0 = Release|Win32
		{CAF1F257-D57A-48D0-8EF0-940EBF2EBBC3}.Template|Win32.ActiveCfg = Release|Win32
		{CAF1F257-D57A-48D0-8EF0-940EBF2EBBC3}.Template|Win32.Build.0 = Release|Win32
		{CAF1F257-D57A-48D0-8EF0-940EBF2EBBC3}.Unicode_Debug|Win32.ActiveCfg = Debug|Win32
		{CAF1F257-D57A-48D0-8EF0-940EBF2EBBC3}.Unicode_Debug|Win32.Build.0 = Debug|Win32
		{CAF1F257-D57A-48D0-8EF0-940EBF2EBBC3}.Unicode_Release|Win32.ActiveCfg = Release|Win32
		{CAF1F257-D57A-48D0-8EF0-940EBF2EBBC3}.Unicode_Release|Win32.Build.0 = Release|Win32
		{3937D062-8DF2-42B6-B93C-8B914C06B653}.Debug Unicode|Win32.ActiveCfg = Debug|Win32
		{3937D062-8DF2-42B6-B93C-8B914C06B653}.Debug Unicode|Win32.Build.0 = Debug|Win32
		{3937D062-8DF2-42B6-B93C-8B914C06B653}.Debug|Win32.ActiveCfg = Debug|Win32
		{3937D062-8DF2-42B6-B93C-8B914C06B653}.Debug|Win32.Build.0 = Debug|Win32
		{3937D062-8DF2-42B6-B93C-8B914C06B653}.Release Unicode|Win32.ActiveCfg = Release|Win32
		{3937D062-8DF2-42B6-B93C-8B914C06B653}.Release Unicode|Win32.Build.0 = Release|Win32
		{3937D062-8DF2-42B6-B93C-8B914C06B653}.Release|Win32.ActiveCfg = Release|Win32
		{3937D062-8DF2-42B6-B93C-8B914C06B653}.Release|Win32.Build.0 = Release|Win32
		{3937D062-8DF2-42B6-B93C-8B914C06B653}.ReleaseStatic|Win32.ActiveCfg = Release|Win32
		{3937D062-8DF2-42B6-B93C-8B914C06B653}.ReleaseStatic|Win32.Build.0 = Release|Win32
		{3937D062-8DF2-42B6-B93C-8B914C06B653}.Template|Win32.ActiveCfg = Release|Win32
		{3937D062-8DF2-42B6-B93C-8B914C06B653}.Template|Win32.Build.0 = Release|Win32
		{3937D062-8DF2-42B6-B93C-8B914C06B653}.Unicode_Debug|Win32.ActiveCfg = Debug|Win32
		{3937D062-8DF2-42B6-B93C-8B914C06B653}.Unicode_Debug|Win32.Build.0 = Debug|Win32
		{3937D062-8DF2-42B6-B93C-8B914C06B653}.Unicode_Release|Win32.ActiveCfg = Release|Win32
		{3937D062-8DF2-42B6-B93C-8B914C06B653}.Unicode_Release|Win32.Build.0 = Release|Win32
		{97B4C474-41BD-47A4-99C0-50956ED7BFFE}.Debug Unicode|Win32.ActiveCfg = Debug|Win32
		{97B4C474-41BD-47A4-99C0-50956ED7BFFE}.Debug Unicode|Win32.Build.0 = Debug|Win32
		{97B4C474-41BD-47A4-99C0-50956ED7BFFE}.Debug|Win32.ActiveCfg = Debug|Win32
		{97B4C474-41BD-47A4-99C0-50956ED7BFFE}.Debug|Win32.Build.0 = Debug|Win32
		{97B4C474-41BD-47A4-99C0-50956ED7BFFE}.Release Unicode|Win32.ActiveCfg = Release|Win32
		{97B4C474-41BD-47A4-99C0-50956ED7BFFE}.Release Unicode|Win32.Build.0 = Release|Win32
		{97B4C474-41BD-47A4-99C0-50956ED7BFFE}.Release|Win32.ActiveCfg = Release|Win32
		{97B4C474-41BD-47A4-99C0-50956ED7BFFE}.Release|Win32.Build.0 = Release|Win32
		{97B4C474-41BD-47A4-99C0-50956ED7BFFE}.ReleaseStatic|Win32.ActiveCfg = Release|Win32
		{97B4C474-41BD-47A4-99C0-50956ED7BFFE}.ReleaseStatic|Win32.Build.0 = Release|Win32
		{97B4C474-41BD-47A4-99C0-50956ED7BFFE}.Template|Win32.ActiveCfg = Release|Win32
		{97B4C474-41BD-47A4-99C0-50956ED7BFFE}.Template|Win32.Build.0 = Release|Win32
		{97B4C474-41BD-47A4-99C0-50956ED7BFFE}.Unicode_Debug|Win32.ActiveCfg = Debug|Win32
		{97B4C474-41BD-47A4-99C0-50956ED7BFFE}.Unicode_Debug|Win32.Build.0 = Debug|Win32
		{97B4C474-41BD-47A4-99C0-50956ED7BFFE}.Unicode_Release|Win32.ActiveCfg = Release|Win32
		{97B4C474-41BD-47A4-99C0-50956ED7BFFE}.Unicode_Release|Win32.Build.0 = Release|Win32
		{73F9EA30-AB73-40E5-A038-82FDAE648D1B}.Debug Unicode|Win32.ActiveCfg = Debug|Win32
		{73F9EA30-AB73-40E5-A038-82FDAE648D1B}.Debug Unicode|Win32.Build.0 = Debug|Win32
		{73F9EA30-AB73-40E5-A038-82FDAE648D1B}.Debug|Win32.ActiveCfg = Debug|Win32
		{73F9EA30-AB73-40E5-A038-82FDAE648D1B}.Debug|Win32.Build.0 = Debug|Win32
		{73F9EA30-AB73-40E5-A038-82FDAE648D1B}.Release Unicode|Win32.ActiveCfg = Release|Win32
		{73F9EA30-AB73-40E5-A038-82FDAE648D1B}.Release Unicode|Win32.Build.0 = Release|Win32
		{73F9EA30-AB73-40E5-A038-82FDAE648D1B}.Release|Win32.ActiveCfg = Release|Win32
		{73F9EA30-AB73-40E5-A038-82FDAE648D1B}.Release|Win32.Build.0 = Release|Win32
		{73F9EA30-AB73-40E5-A038-82FDAE648D1B}.ReleaseStatic|Win32.ActiveCfg = Release|Win32
		{73F9EA30-AB73-40E5-A038-82FDAE648D1B}.ReleaseStatic|Win32.Build.0 = Release|Win32
		{73F9EA30-AB73-40E5-A038-82FDAE648D1B}.Template|Win32.ActiveCfg = Release|Win32
		{73F9EA30-AB73-40E5-A038-82FDAE648D1B}.Template|Win32.Build.0 = Release|Win32
		{73F9EA30-AB73-40E5-A038-82FDAE648D1B}.Unicode_Debug|Win32.ActiveCfg = Debug|Win32
		{73F9EA30-AB73-40E5-A038-82FDAE648D1B}.Unicode_Debug|Win32.Build.0 = Debug|Win32
		{73F9EA30-AB73-40E5-A038-82FDAE648D1B}.Unicode_Release|Win32.ActiveCfg = Release|Win32
		{73F9EA30-AB73-40E5-A038-82FDAE648D1B}.Unicode_Release|Win32.Build.0 = Release|Win32
		{315BEA31-3243-458F-8B5A-1D9FD1AA3205}.Debug Unicode|Win32.ActiveCfg = Debug|Win32
		{315BEA31-3243-458F-8B5A-1D9FD1AA3205}.Debug Unicode|Win32.Build.0 = Debug|Win32
		{315BEA31-3243-458F-8B5A-1D9FD1AA3205}.Debug|Win32.ActiveCfg = Debug|Win32
		{315BEA31-3243-458F-8B5A-1D9FD1AA3205}.Debug|Win32.Build.0 = Debug|Win32
		{315BEA31-3243-458F-8B5A-1D9FD1AA3205}.Release Unicode|Win32.ActiveCfg = Release|Win32
		{315BEA31-3243-458F-8B5A-1D9FD1AA3205}.Release Unicode|Win32.Build.0 = Release|Win32
		{315BEA31-3243-458F-8B5A-1D9FD1AA3205}.Release|Win32.ActiveCfg = Release|Win32
		{315BEA31-3243-458F-8B5A-1D9FD1AA3205}.Release|Win32.Build.0 = Release|Win32
		{315BEA31-3243-458F-8B5A-1D9FD1AA3205}.ReleaseStatic|Win32.ActiveCfg = Release|Win32
		{315BEA31-3243-458F-8B5A-1D9FD1AA3205}.ReleaseStatic|Win32.Build.0 = Release|Win32
		{315BEA31-3243-458F-8B5A-1D9FD1AA3205}.Template|Win32.ActiveCfg = Release|Win32
		{315BEA31-3243-458F-8B5A-1D9FD1AA3205}.Template|Win32.Build.0 = Release|Win32
		{315BEA31-3243-458F-8B5A-1D9FD1AA3205}.Unicode_Debug|Win32.ActiveCfg = Debug|Win32
		{315BEA31-3243-458F-8B5A-1D9FD1AA3205}.Unicode_Debug|Win32.Build.0 = Debug|Win32
		{315BEA31-3243-458F-8B5A-1D9FD1AA3205}.Unicode_Release|Win32.ActiveCfg = Release|Win32
		{315BEA31-3243-458F-8B5A-1D9FD1AA3205}.Unicode_Release|Win32.Build.0 = Release|Win32
		{C13209FE-B8FF-44CC-89D0-4BC0069FD341}.Debug Unicode|Win32.ActiveCfg = Debug|Win32
		{C13209FE-B8FF-44CC-89D0-4BC0069FD341}.Debug Unicode|Win32.Build.0 = Debug|Win32
		{C13209FE-B8FF-44CC-89D0-4BC0069FD341}.Debug|Win32.ActiveCfg = Debug|Win32
		{C13209FE-B8FF-44CC-89D0-4BC0069FD341}.Debug|Win32.Build.0 = Debug|Win32
		{C13209FE-B8FF-44CC-89D0-4BC0069FD341}.Release Unicode|Win32.ActiveCfg = Release|Win32
		{C13209FE-B8FF-44CC-89D0-4BC0069FD341}.Release Unicode|Win32.Build.0 = Release|Win32
		{C13209FE-B8FF-44CC-89D0-4BC0069FD341}.Release|Win32.ActiveCfg = Release|Win32
		{C13209FE-B8FF-44CC-89D0-4BC0069FD341}.Release|Win32.Build.0 = Release|Win32
		{C13209FE-B8FF-44CC-89D0-4BC0069FD341}.ReleaseStatic|Win32.ActiveCfg = Release|Win32
		{C13209FE-B8FF-44CC-89D0-4BC0069FD341}.ReleaseStatic|Win32.Build.0 = Release|Win32
		{C13209FE-B8FF-44CC-89D0-4BC0069FD341}.Template|Win32.ActiveCfg = Release|Win32
		{C13209FE-B8FF-44CC-89D0-4BC0069FD341}.Template|Win32.Build.0 = Release|Win32
		{C13209FE-B8FF-44CC-89D0-4BC0069FD341}.Unicode_Debug|Win32.ActiveCfg = Debug|Win32
		{C13209FE-B8FF-44CC-89D0-4BC0069FD341}.Unicode_Debug|Win32.Build.0 = Debug|Win32
		{C13209FE-B8FF-44CC-89D0-4BC0069FD341}.Unicode_Release|Win32.ActiveCfg = Release|Win32
		{C13209FE-B8FF-44CC-89D0-4BC0069FD341}.Unicode_Release|Win32.Build.0 = Release|Win32
		{8F86F7DD-C345-4B02-8BB2-4393D012C6A7}.Debug Unicode|Win32.ActiveCfg = Debug|Win32
		{8F86F7DD-C345-4B02-8BB2-4393D012C6A7}.Debug Unicode|Win32.Build.0 = Debug|Win32
		{8F86F7DD-C345-4B02-8BB2-4393D012C6A7}.Debug|Win32.ActiveCfg = Debug|Win32
		{8F86F7DD-C345-4B02-8BB2-4393D012C6A7}.Debug|Win32.Build.0 = Debug|Win32
		{8F86F7DD-C345-4B02-8BB2-4393D012C6A7}.Release Unicode|Win32.ActiveCfg = Release|Win32
		{8F86F7DD-C345-4B02-8BB2-4393D012C6A7}.Release Unicode|Win32.Build.0 = Release|Win32
		{8F86F7DD-C345-4B02-8BB2-4393D012C6A7}.Release|Win32.ActiveCfg = Release|Win32
		{8F86F7DD-C345-4B02-8BB2-4393D012C6A7}.Release|Win32.Build.0 = Release|Win32
		{8F86F7DD-C345-4B02-8BB2-4393D012C6A7}.ReleaseStatic|Win32.ActiveCfg = Release|Win32
		{8F86F7DD-C345-4B02-8BB2-4393D012C6A7}.ReleaseStatic|Win32.Build.0 = Release|Win32
		{8F86F7DD-C345-4B02-8BB2-4393D012C6A7}.Template|Win32.ActiveCfg = Release|Win32
		{8F86F7DD-C345-4B02-8BB2-4393D012C6A7}.Template|Win32.Build.0 = Release|Win32
		{8F86F7DD-C345-4B02-8BB2-4393D012C6A7}.Unicode_Debug|Win32.ActiveCfg = Debug|Win32
		{8F86F7DD-C345-4B02-8BB2-4393D012C6A7}.Unicode_Debug|Win32.Build.0 = Debug|Win32
		{8F86F7DD-C345-4B02-8BB2-4393D012C6A7}.Unicode_Release|Win32.ActiveCfg = Release|Win32
		{8F86F7DD-C345-4B02-8BB2-4393D012C6A7}.Unicode_Release|Win32.Build.0 = Release|Win32
		{FB7882E6-1A2A-40F7-A8F3-8E07D263CA45}.Debug Unicode|Win32.ActiveCfg = Debug|Win32
		{FB7882E6-1A2A-40F7-A8F3-8E07D263CA45}.Debug Unicode|Win32.Build.0 = Debug|Win32
		{FB7882E6-1A2A-40F7-A8F3-8E07D263CA45}.Debug|Win32.ActiveCfg = Debug|Win32
		{FB7882E6-1A2A-40F7-A8F3-8E07D263CA45}.Debug|Win32.Build.0 = Debug|Win32
		{FB7882E6-1A2A-40F7-A8F3-8E07D263CA45}.Release Unicode|Win32.ActiveCfg = Release|Win32
		{FB7882E6-1A2A-40F7-A8F3-8E07D263CA45}.Release Unicode|Win32.Build.0 = Release|Win32
		{FB7882E6-1A2A-40F7-A8F3-8E07D263CA45}.Release|Win32.ActiveCfg = Release|Win32
		{FB7882E6-1A2A-40F7-A8F3-8E07D263CA45}.Release|Win32.Build.0 = Release|Win32
		{FB7882E6-1A2A-40F7-A8F3-8E07D263CA45}.ReleaseStatic|Win32.ActiveCfg = Release|Win32
		{FB7882E6-1A2A-40F7-A8F3-8E07D263CA45}.ReleaseStatic|Win32.Build.0 = Release|Win32
		{FB7882E6-1A2A-40F7-A8F3-8E07D263CA45}.Template|Win32.ActiveCfg = Release|Win32
		{FB7882E6-1A2A-40F7-A8F3-8E07D263CA45}.Template|Win32.Build.0 = Release|Win32
		{FB7882E6-1A2A-40F7-A8F3-8E07D263CA45}.Unicode_Debug|Win32.ActiveCfg = Debug|Win32
		{FB7882E6-1A2A-40F7-A8F3-8E07D263CA45}.Unicode_Debug|Win32.Build.0 = Debug|Win32
		{FB7882E6-1A2A-40F7-A8F3-8E07D263CA45}.Unicode_Release|Win32.ActiveCfg = Release|Win32
		{FB7882E6-1A2A-40F7-A8F3-8E07D263CA45}.Unicode_Release|Win32.Build.0 = Release|Win32
	EndGlobalSection
	GlobalSection(SolutionProperties) = preSolution
		HideSolutionNode = FALSE
	EndGlobalSection
EndGlobal
